// !$*UTF8*$!
{
	archiveVersion = 1;
	classes = {
	};
	objectVersion = 46;
	objects = {

/* Begin PBXBuildFile section */
		0207DA581B56EA530066E2B4 /* Images.xcassets in Resources */ = {isa = PBXBuildFile; fileRef = 0207DA571B56EA530066E2B4 /* Images.xcassets */; };
		041FC0754D0246819CF3D20E /* GoogleService-Info.plist in Resources */ = {isa = PBXBuildFile; fileRef = 0800629C011F487A9E631C51 /* GoogleService-Info.plist */; };
		0E9CD97001B9411EA0FE83E1 /* NSString+SSURLEncoding.m in Sources */ = {isa = PBXBuildFile; fileRef = 3CC41CF6FC2848F5882DE612 /* NSString+SSURLEncoding.m */; };
		11099F86605D42F3826F4301 /* CDVNotification.bundle in Resources */ = {isa = PBXBuildFile; fileRef = B9AC4F63BD5548A79E077BD0 /* CDVNotification.bundle */; };
		11187E2733784E2BB2209BB6 /* MessageUI.framework in Frameworks */ = {isa = PBXBuildFile; fileRef = 7092A42A68D14D33895B5A5B /* MessageUI.framework */; settings = {ATTRIBUTES = (Weak, ); }; };
		1A6C5CAAA852451486CD7BA8 /* Toast+UIView.m in Sources */ = {isa = PBXBuildFile; fileRef = 5F5CA27EA81A457ABC8425D5 /* Toast+UIView.m */; };
		1C86E1CB2B8C401CA83F1090 /* GCDWebServerFileRequest.m in Sources */ = {isa = PBXBuildFile; fileRef = 3ED77C24B9D747C189112A45 /* GCDWebServerFileRequest.m */; };
		1D02CA314BE4433285EB5B58 /* IonicKeyboard.m in Sources */ = {isa = PBXBuildFile; fileRef = 8F522852B19B4293814411EC /* IonicKeyboard.m */; };
		1D3623260D0F684500981E51 /* AppDelegate.m in Sources */ = {isa = PBXBuildFile; fileRef = 1D3623250D0F684500981E51 /* AppDelegate.m */; };
		1D60589B0D05DD56006BFB54 /* main.m in Sources */ = {isa = PBXBuildFile; fileRef = 29B97316FDCFA39411CA2CEA /* main.m */; };
		235048118BD4439095041A54 /* libc++.tbd in Frameworks */ = {isa = PBXBuildFile; fileRef = 7C302A71ED2341E8AD279607 /* libc++.tbd */; };
		294B2441C1014B20BE8FC255 /* CDVLocalFilesystem.m in Sources */ = {isa = PBXBuildFile; fileRef = 82458F124E1D453FAD87F769 /* CDVLocalFilesystem.m */; };
		301BF552109A68D80062928A /* libCordova.a in Frameworks */ = {isa = PBXBuildFile; fileRef = 301BF535109A57CC0062928A /* libCordova.a */; };
		302D95F114D2391D003F00A1 /* MainViewController.m in Sources */ = {isa = PBXBuildFile; fileRef = 302D95EF14D2391D003F00A1 /* MainViewController.m */; };
		302D95F214D2391D003F00A1 /* MainViewController.xib in Resources */ = {isa = PBXBuildFile; fileRef = 302D95F014D2391D003F00A1 /* MainViewController.xib */; };
		330F6B2282964FC19C5D7874 /* YoikScreenOrientation.m in Sources */ = {isa = PBXBuildFile; fileRef = 9618D19F5832409984370203 /* YoikScreenOrientation.m */; };
		37F8F30A498143F09243B0D4 /* FirebaseInstanceID.framework in Frameworks */ = {isa = PBXBuildFile; fileRef = 5C83ACB7765D4981A07BB595 /* FirebaseInstanceID.framework */; };
		38F6E73393C2433BAA8EC2DC /* AppDelegate+FCMPlugin.m in Sources */ = {isa = PBXBuildFile; fileRef = A2A5767003404251865CB10E /* AppDelegate+FCMPlugin.m */; };
		3A264291ED954AC99633510E /* CoreTelephony.framework in Frameworks */ = {isa = PBXBuildFile; fileRef = E4CF062E817749D69B6C7D94 /* CoreTelephony.framework */; };
		3B28BA5CA52A451C9DB2F220 /* CDVNotification.m in Sources */ = {isa = PBXBuildFile; fileRef = E5D754B427C84637B58820F6 /* CDVNotification.m */; };
		3E84ECD6A40E42A5B8ECC029 /* GCDWebServerDataRequest.m in Sources */ = {isa = PBXBuildFile; fileRef = 706B1BE12E8C4B44868B6EB4 /* GCDWebServerDataRequest.m */; };
		3EF36658617F4BE3A575BBF1 /* CDVViewController+UpdateSupportedOrientations.m in Sources */ = {isa = PBXBuildFile; fileRef = 7A77186A64EF4533837E9694 /* CDVViewController+UpdateSupportedOrientations.m */; };
		3FA9C8E5C4AD4582B66B57C2 /* FirebaseAnalytics.framework in Frameworks */ = {isa = PBXBuildFile; fileRef = 84DCB391BEE64B1FB4934E5E /* FirebaseAnalytics.framework */; };
		4137AFC340F14509A916AE37 /* libz.tbd in Frameworks */ = {isa = PBXBuildFile; fileRef = 10ABD1D0953B4D9DAFB1FBE6 /* libz.tbd */; };
		476FF31FCCB9498A9E1178B4 /* GoogleInterchangeUtilities.framework in Frameworks */ = {isa = PBXBuildFile; fileRef = C8997D686C3C422589F75C68 /* GoogleInterchangeUtilities.framework */; };
		49C291F6029A4F85978344A5 /* Security.framework in Frameworks */ = {isa = PBXBuildFile; fileRef = 32F2795A1B09488D803F1B4B /* Security.framework */; };
		4C31505EE8004A369491BCD8 /* SocialSharing.m in Sources */ = {isa = PBXBuildFile; fileRef = 59C3282C3A8E42FC999B5B38 /* SocialSharing.m */; };
		4DCE521731714EB9ACD0B1FA /* GCDWebServerFileResponse.m in Sources */ = {isa = PBXBuildFile; fileRef = 7E5BF395466741FCBDDA3735 /* GCDWebServerFileResponse.m */; };
		5E1305E47BBE4171819DD915 /* SystemConfiguration.framework in Frameworks */ = {isa = PBXBuildFile; fileRef = 1A8D304FBDB7425D82C527B5 /* SystemConfiguration.framework */; settings = {ATTRIBUTES = (Weak, ); }; };
		5EB515249F7A4581878D8683 /* FirebaseMessaging.framework in Frameworks */ = {isa = PBXBuildFile; fileRef = 15958C59646D458BAD942704 /* FirebaseMessaging.framework */; };
		5FF05D4C3775406B9DE14A14 /* FCMPlugin.m in Sources */ = {isa = PBXBuildFile; fileRef = B0D86D7E3CAA49E9ABDD8024 /* FCMPlugin.m */; };
		6AFF5BF91D6E424B00AB3073 /* CDVLaunchScreen.storyboard in Resources */ = {isa = PBXBuildFile; fileRef = 6AFF5BF81D6E424B00AB3073 /* CDVLaunchScreen.storyboard */; };
		6B00A06510BB48DB9B5AC73B /* LocalAuthentication.framework in Frameworks */ = {isa = PBXBuildFile; fileRef = ED24624D7658424AAE5D6AE8 /* LocalAuthentication.framework */; };
		6ED60811E61D42A8B0C11BDE /* CDVClipboard.m in Sources */ = {isa = PBXBuildFile; fileRef = 8E8667D464CA4F7FBF33B0BE /* CDVClipboard.m */; };
		712E2CDA31004A21A822638C /* WebKit.framework in Frameworks */ = {isa = PBXBuildFile; fileRef = 6307AC38C41F40D99213F9D2 /* WebKit.framework */; settings = {ATTRIBUTES = (Weak, ); }; };
		7A8BADF350AF4F6396A2F3CA /* CDVWKProcessPoolFactory.m in Sources */ = {isa = PBXBuildFile; fileRef = C1B395B5A2C54494B28AE236 /* CDVWKProcessPoolFactory.m */; };
		85A86F62320B4ED6ADD7E540 /* CDVAssetLibraryFilesystem.m in Sources */ = {isa = PBXBuildFile; fileRef = C2D0B73BD32245FFAB27ED6E /* CDVAssetLibraryFilesystem.m */; };
		8C2B6804511A42EB88D84772 /* GCDWebServerErrorResponse.m in Sources */ = {isa = PBXBuildFile; fileRef = 78A24EE49B4348658EDC2EF6 /* GCDWebServerErrorResponse.m */; };
		8E88391E0689459EA205B26F /* CDVSplashScreen.m in Sources */ = {isa = PBXBuildFile; fileRef = 13605B2CEA354B23BD767E00 /* CDVSplashScreen.m */; };
		905275708B25420D8FAE78D8 /* QuartzCore.framework in Frameworks */ = {isa = PBXBuildFile; fileRef = 77282AEF82FF48488ED4007F /* QuartzCore.framework */; };
		92AD155CAD53423FA6A8F224 /* QRScanner.swift in Sources */ = {isa = PBXBuildFile; fileRef = 5E7A2F4A48D444E49D58008F /* QRScanner.swift */; };
		963907B427EB4BE4B3705980 /* CDVInAppBrowser.m in Sources */ = {isa = PBXBuildFile; fileRef = BC9CB240F2B94DF28840F46A /* CDVInAppBrowser.m */; };
		9891EAC75C0241CEB672B34C /* GoogleSymbolUtilities.framework in Frameworks */ = {isa = PBXBuildFile; fileRef = BB11DEDC1F0541F39AC882C9 /* GoogleSymbolUtilities.framework */; };
		AC2943A37A884B7AA9419186 /* GCDWebServerRequest.m in Sources */ = {isa = PBXBuildFile; fileRef = 5CA41D567D6C46C089C90EBE /* GCDWebServerRequest.m */; };
		ADAAA7EB1DF14F3B8739B2C5 /* CDVSpinnerDialog.m in Sources */ = {isa = PBXBuildFile; fileRef = FA3EF348F9CD47D09E43791C /* CDVSpinnerDialog.m */; };
		B25C2838566E4698BE8DF4B8 /* CDVStatusBar.m in Sources */ = {isa = PBXBuildFile; fileRef = 8494A455BBA5497EA8920FE3 /* CDVStatusBar.m */; };
		B2C776B2D55D46DB8A107BDA /* CDVGlobalization.m in Sources */ = {isa = PBXBuildFile; fileRef = A1C868A7BD034832931E74E4 /* CDVGlobalization.m */; };
		B3CEDF9C69554BD68C55DCF1 /* AudioToolbox.framework in Frameworks */ = {isa = PBXBuildFile; fileRef = 869C128E46144E339AEC33BD /* AudioToolbox.framework */; settings = {ATTRIBUTES = (Weak, ); }; };
		BA753CAFAB5C4AA4A678D169 /* CDVDevice.m in Sources */ = {isa = PBXBuildFile; fileRef = F4215E16CE3D44E485724C90 /* CDVDevice.m */; };
		BC432A05E8954795AE49E13B /* Toast.m in Sources */ = {isa = PBXBuildFile; fileRef = 204195B0D12D423A93702D71 /* Toast.m */; };
		BCB0E3F5FCA547D5A86E1DED /* GCDWebServerURLEncodedFormRequest.m in Sources */ = {isa = PBXBuildFile; fileRef = A721E0A9C1C246E9B883DBFF /* GCDWebServerURLEncodedFormRequest.m */; };
		BDAB249928A54EF3BF832D9E /* GCDWebServerDataResponse.m in Sources */ = {isa = PBXBuildFile; fileRef = 11D20D033C8641B3B7E6C900 /* GCDWebServerDataResponse.m */; };
		BF96FB28FF5B463391C33ABC /* GCDWebServerResponse.m in Sources */ = {isa = PBXBuildFile; fileRef = D41FF5633FD24D9E8CBD931A /* GCDWebServerResponse.m */; };
		C6BEF2B43760431FAF32391A /* FirebaseCore.framework in Frameworks */ = {isa = PBXBuildFile; fileRef = 39D5D3C7626348EC9812587C /* FirebaseCore.framework */; };
		C8EAE2D4A6BE41C18D036CD3 /* CDVUniqueDeviceID.m in Sources */ = {isa = PBXBuildFile; fileRef = A2553A78BC1E48B98F9B17C6 /* CDVUniqueDeviceID.m */; };
		CE79795F1B9C4BA9B8B38BB2 /* GCDWebServerFunctions.m in Sources */ = {isa = PBXBuildFile; fileRef = 62B022A923484F47A62588A9 /* GCDWebServerFunctions.m */; };
		D158662B44464710A4FA0ECB /* CDVWKWebViewUIDelegate.m in Sources */ = {isa = PBXBuildFile; fileRef = 43E947ADBFA244CEA503FCFE /* CDVWKWebViewUIDelegate.m */; };
		D7B8C31C560C43B7825C19D6 /* TouchID.m in Sources */ = {isa = PBXBuildFile; fileRef = 856B412CC9934990A25A0DE8 /* TouchID.m */; };
		D8CC84F704114C26B36E26A2 /* CDVConnection.m in Sources */ = {isa = PBXBuildFile; fileRef = BE9C7CA2D0C541A1A049A509 /* CDVConnection.m */; };
		DAB8FE77764940BDB60AB57E /* CDVReachability.m in Sources */ = {isa = PBXBuildFile; fileRef = 83BB75A3A93B45C4800F78B6 /* CDVReachability.m */; };
		DF4A99CEF21A4F04B0D9117A /* CDVWKWebViewEngine.m in Sources */ = {isa = PBXBuildFile; fileRef = ED933C22F1A6414887E2A7E4 /* CDVWKWebViewEngine.m */; };
		E18827FB2010EBF5001F196E /* Bugly.framework in Frameworks */ = {isa = PBXBuildFile; fileRef = E18827FA2010EBF5001F196E /* Bugly.framework */; };
		E3AA762E28FD44E3BF2C308B /* GCDWebServerStreamedResponse.m in Sources */ = {isa = PBXBuildFile; fileRef = B2BA769D273647859055F201 /* GCDWebServerStreamedResponse.m */; };
		E5D0A980CD624C4CAC9F79A0 /* GCDWebServerMultiPartFormRequest.m in Sources */ = {isa = PBXBuildFile; fileRef = B3B5FBA98A814154A4EA03BC /* GCDWebServerMultiPartFormRequest.m */; };
		E6600B23AD9A4EE5991FA637 /* UICKeyChainStore.m in Sources */ = {isa = PBXBuildFile; fileRef = A9DE04109F7B4E648D2EF4DD /* UICKeyChainStore.m */; };
		EA54978E289E4A558F0F42D5 /* Social.framework in Frameworks */ = {isa = PBXBuildFile; fileRef = 3CCC0EBC33EC422AB9F224E0 /* Social.framework */; settings = {ATTRIBUTES = (Weak, ); }; };
		EE1666F5680B4B63850E205E /* CDVViewController+SplashScreen.m in Sources */ = {isa = PBXBuildFile; fileRef = 054C2568C88241EC9B91B257 /* CDVViewController+SplashScreen.m */; };
		EEE29CFE41E14490B1429889 /* CDVFile.m in Sources */ = {isa = PBXBuildFile; fileRef = 8DB7ED64167D4B17B7EAD286 /* CDVFile.m */; };
		F0BB621738C748A4996E2862 /* GoogleUtilities.framework in Frameworks */ = {isa = PBXBuildFile; fileRef = EBF44613B723489ABC26CE17 /* GoogleUtilities.framework */; };
		F1E1BD7574474F57883DA625 /* AddressBook.framework in Frameworks */ = {isa = PBXBuildFile; fileRef = AEC705CDD43E401D9A81846B /* AddressBook.framework */; };
		F9279C86D2DD448EA0FCDEDB /* libsqlite3.0.tbd in Frameworks */ = {isa = PBXBuildFile; fileRef = FDAFFD1D8F6E4413863086E8 /* libsqlite3.0.tbd */; };
		F93484ECB5A349F2A9F64880 /* GoogleIPhoneUtilities.framework in Frameworks */ = {isa = PBXBuildFile; fileRef = 374BDE1319FA4E4F968B6E91 /* GoogleIPhoneUtilities.framework */; };
		FA6B829055FF4961BBA00311 /* GCDWebServer.m in Sources */ = {isa = PBXBuildFile; fileRef = 23CE7456CC194CFD86605274 /* GCDWebServer.m */; };
		FAA790F66A8E4C088DE5FFA0 /* GCDWebServerConnection.m in Sources */ = {isa = PBXBuildFile; fileRef = 3A663B3554C4446BAA77CBC5 /* GCDWebServerConnection.m */; };
/* End PBXBuildFile section */

/* Begin PBXContainerItemProxy section */
		301BF534109A57CC0062928A /* PBXContainerItemProxy */ = {
			isa = PBXContainerItemProxy;
			containerPortal = 301BF52D109A57CC0062928A /* CordovaLib.xcodeproj */;
			proxyType = 2;
			remoteGlobalIDString = D2AAC07E0554694100DB518D;
			remoteInfo = CordovaLib;
		};
		301BF550109A68C00062928A /* PBXContainerItemProxy */ = {
			isa = PBXContainerItemProxy;
			containerPortal = 301BF52D109A57CC0062928A /* CordovaLib.xcodeproj */;
			proxyType = 1;
			remoteGlobalIDString = D2AAC07D0554694100DB518D;
			remoteInfo = CordovaLib;
		};
		E18827F52010E23F001F196E /* PBXContainerItemProxy */ = {
			isa = PBXContainerItemProxy;
			containerPortal = 301BF52D109A57CC0062928A /* CordovaLib.xcodeproj */;
			proxyType = 2;
			remoteGlobalIDString = C0C01EB21E3911D50056E6CB;
			remoteInfo = Cordova;
		};
/* End PBXContainerItemProxy section */

/* Begin PBXFileReference section */
		01489AB5EAA4494696F6EC8C /* Firebase.h */ = {isa = PBXFileReference; explicitFileType = undefined; fileEncoding = 4; includeInIndex = 0; lastKnownFileType = sourcecode.c.h; name = Firebase.h; path = "cordova-plugin-fcm/Firebase.h"; sourceTree = "<group>"; };
		0207DA571B56EA530066E2B4 /* Images.xcassets */ = {isa = PBXFileReference; lastKnownFileType = folder.assetcatalog; name = Images.xcassets; path = QYB/Images.xcassets; sourceTree = SOURCE_ROOT; };
		054C2568C88241EC9B91B257 /* CDVViewController+SplashScreen.m */ = {isa = PBXFileReference; explicitFileType = undefined; fileEncoding = 4; includeInIndex = 0; lastKnownFileType = sourcecode.c.objc; name = "CDVViewController+SplashScreen.m"; path = "cordova-plugin-splashscreen/CDVViewController+SplashScreen.m"; sourceTree = "<group>"; };
		0800629C011F487A9E631C51 /* GoogleService-Info.plist */ = {isa = PBXFileReference; explicitFileType = undefined; fileEncoding = 4; includeInIndex = 0; lastKnownFileType = text.plist.xml; name = "GoogleService-Info.plist"; path = "Resources/GoogleService-Info.plist"; sourceTree = "<group>"; };
		10498668C9074E88A292BF9C /* YoikScreenOrientation.h */ = {isa = PBXFileReference; explicitFileType = undefined; fileEncoding = 4; includeInIndex = 0; lastKnownFileType = sourcecode.c.h; name = YoikScreenOrientation.h; path = "cordova-plugin-screen-orientation/YoikScreenOrientation.h"; sourceTree = "<group>"; };
		10ABD1D0953B4D9DAFB1FBE6 /* libz.tbd */ = {isa = PBXFileReference; explicitFileType = undefined; fileEncoding = 9; includeInIndex = 0; lastKnownFileType = "sourcecode.text-based-dylib-definition"; name = libz.tbd; path = usr/lib/libz.tbd; sourceTree = SDKROOT; };
		11D20D033C8641B3B7E6C900 /* GCDWebServerDataResponse.m */ = {isa = PBXFileReference; explicitFileType = undefined; fileEncoding = 4; includeInIndex = 0; lastKnownFileType = sourcecode.c.objc; name = GCDWebServerDataResponse.m; path = "cordova-plugin-ionic-webview/GCDWebServerDataResponse.m"; sourceTree = "<group>"; };
		13605B2CEA354B23BD767E00 /* CDVSplashScreen.m */ = {isa = PBXFileReference; explicitFileType = undefined; fileEncoding = 4; includeInIndex = 0; lastKnownFileType = sourcecode.c.objc; name = CDVSplashScreen.m; path = "cordova-plugin-splashscreen/CDVSplashScreen.m"; sourceTree = "<group>"; };
		15958C59646D458BAD942704 /* FirebaseMessaging.framework */ = {isa = PBXFileReference; explicitFileType = undefined; fileEncoding = 9; includeInIndex = 0; lastKnownFileType = wrapper.framework; name = FirebaseMessaging.framework; path = "QYB/Plugins/cordova-plugin-fcm/FirebaseMessaging.framework"; sourceTree = "<group>"; };
		1A8D304FBDB7425D82C527B5 /* SystemConfiguration.framework */ = {isa = PBXFileReference; explicitFileType = undefined; fileEncoding = 9; includeInIndex = 0; lastKnownFileType = wrapper.framework; name = SystemConfiguration.framework; path = System/Library/Frameworks/SystemConfiguration.framework; sourceTree = SDKROOT; };
		1B42E410D09342ABA2238F9B /* CDVWKProcessPoolFactory.h */ = {isa = PBXFileReference; explicitFileType = undefined; fileEncoding = 4; includeInIndex = 0; lastKnownFileType = sourcecode.c.h; name = CDVWKProcessPoolFactory.h; path = "cordova-plugin-ionic-webview/CDVWKProcessPoolFactory.h"; sourceTree = "<group>"; };
		1D3623240D0F684500981E51 /* AppDelegate.h */ = {isa = PBXFileReference; fileEncoding = 4; lastKnownFileType = sourcecode.c.h; path = AppDelegate.h; sourceTree = "<group>"; };
		1D3623250D0F684500981E51 /* AppDelegate.m */ = {isa = PBXFileReference; fileEncoding = 4; lastKnownFileType = sourcecode.c.objc; path = AppDelegate.m; sourceTree = "<group>"; };
		1D6058910D05DD3D006BFB54 /* QYB.app */ = {isa = PBXFileReference; explicitFileType = wrapper.application; includeInIndex = 0; path = QYB.app; sourceTree = BUILT_PRODUCTS_DIR; };
		1DC00F089B124AA393B264F1 /* CDVSpinnerDialog.h */ = {isa = PBXFileReference; explicitFileType = undefined; fileEncoding = 4; includeInIndex = 0; lastKnownFileType = sourcecode.c.h; name = CDVSpinnerDialog.h; path = "cordova-plugin-spinner-dialog/CDVSpinnerDialog.h"; sourceTree = "<group>"; };
		1E55F2AE07CF4B659F86ADE7 /* CDVAssetLibraryFilesystem.h */ = {isa = PBXFileReference; explicitFileType = undefined; fileEncoding = 4; includeInIndex = 0; lastKnownFileType = sourcecode.c.h; name = CDVAssetLibraryFilesystem.h; path = "cordova-plugin-file/CDVAssetLibraryFilesystem.h"; sourceTree = "<group>"; };
		1F3026E9BBBE4CF6AE08D39D /* AppDelegate+FCMPlugin.h */ = {isa = PBXFileReference; explicitFileType = undefined; fileEncoding = 4; includeInIndex = 0; lastKnownFileType = sourcecode.c.h; name = "AppDelegate+FCMPlugin.h"; path = "cordova-plugin-fcm/AppDelegate+FCMPlugin.h"; sourceTree = "<group>"; };
		1F6EA37A30C84928A518F1FD /* CDVDevice.h */ = {isa = PBXFileReference; explicitFileType = undefined; fileEncoding = 4; includeInIndex = 0; lastKnownFileType = sourcecode.c.h; name = CDVDevice.h; path = "cordova-plugin-device/CDVDevice.h"; sourceTree = "<group>"; };
		204195B0D12D423A93702D71 /* Toast.m */ = {isa = PBXFileReference; explicitFileType = undefined; fileEncoding = 4; includeInIndex = 0; lastKnownFileType = sourcecode.c.objc; name = Toast.m; path = "cordova-plugin-x-toast/Toast.m"; sourceTree = "<group>"; };
		211364137BEF46D883196088 /* GCDWebServerDataRequest.h */ = {isa = PBXFileReference; explicitFileType = undefined; fileEncoding = 4; includeInIndex = 0; lastKnownFileType = sourcecode.c.h; name = GCDWebServerDataRequest.h; path = "cordova-plugin-ionic-webview/GCDWebServerDataRequest.h"; sourceTree = "<group>"; };
		23CE7456CC194CFD86605274 /* GCDWebServer.m */ = {isa = PBXFileReference; explicitFileType = undefined; fileEncoding = 4; includeInIndex = 0; lastKnownFileType = sourcecode.c.objc; name = GCDWebServer.m; path = "cordova-plugin-ionic-webview/GCDWebServer.m"; sourceTree = "<group>"; };
		268E5890A90A417B818CB7F8 /* CDVUniqueDeviceID.h */ = {isa = PBXFileReference; explicitFileType = undefined; fileEncoding = 4; includeInIndex = 0; lastKnownFileType = sourcecode.c.h; name = CDVUniqueDeviceID.h; path = "cordova-plugin-uniquedeviceid/CDVUniqueDeviceID.h"; sourceTree = "<group>"; };
		29B97316FDCFA39411CA2CEA /* main.m */ = {isa = PBXFileReference; fileEncoding = 4; lastKnownFileType = sourcecode.c.objc; path = main.m; sourceTree = "<group>"; };
		2C39080996AC4501BEB241C6 /* CDVViewController+UpdateSupportedOrientations.h */ = {isa = PBXFileReference; explicitFileType = undefined; fileEncoding = 4; includeInIndex = 0; lastKnownFileType = sourcecode.c.h; name = "CDVViewController+UpdateSupportedOrientations.h"; path = "cordova-plugin-screen-orientation/CDVViewController+UpdateSupportedOrientations.h"; sourceTree = "<group>"; };
		301BF52D109A57CC0062928A /* CordovaLib.xcodeproj */ = {isa = PBXFileReference; lastKnownFileType = "wrapper.pb-project"; name = CordovaLib.xcodeproj; path = CordovaLib/CordovaLib.xcodeproj; sourceTree = "<group>"; };
		301BF56E109A69640062928A /* www */ = {isa = PBXFileReference; lastKnownFileType = folder; path = www; sourceTree = SOURCE_ROOT; };
		302D95EE14D2391D003F00A1 /* MainViewController.h */ = {isa = PBXFileReference; fileEncoding = 4; lastKnownFileType = sourcecode.c.h; path = MainViewController.h; sourceTree = "<group>"; };
		302D95EF14D2391D003F00A1 /* MainViewController.m */ = {isa = PBXFileReference; fileEncoding = 4; lastKnownFileType = sourcecode.c.objc; path = MainViewController.m; sourceTree = "<group>"; };
		302D95F014D2391D003F00A1 /* MainViewController.xib */ = {isa = PBXFileReference; fileEncoding = 4; lastKnownFileType = file.xib; path = MainViewController.xib; sourceTree = "<group>"; };
		3047A50F1AB8059700498E2A /* build-debug.xcconfig */ = {isa = PBXFileReference; fileEncoding = 4; lastKnownFileType = text.xcconfig; name = "build-debug.xcconfig"; path = "cordova/build-debug.xcconfig"; sourceTree = SOURCE_ROOT; };
		3047A5101AB8059700498E2A /* build-release.xcconfig */ = {isa = PBXFileReference; fileEncoding = 4; lastKnownFileType = text.xcconfig; name = "build-release.xcconfig"; path = "cordova/build-release.xcconfig"; sourceTree = SOURCE_ROOT; };
		3047A5111AB8059700498E2A /* build.xcconfig */ = {isa = PBXFileReference; fileEncoding = 4; lastKnownFileType = text.xcconfig; name = build.xcconfig; path = cordova/build.xcconfig; sourceTree = SOURCE_ROOT; };
		32CA4F630368D1EE00C91783 /* QYB-Prefix.pch */ = {isa = PBXFileReference; fileEncoding = 4; lastKnownFileType = sourcecode.c.h; path = "QYB-Prefix.pch"; sourceTree = "<group>"; };
		32F2795A1B09488D803F1B4B /* Security.framework */ = {isa = PBXFileReference; explicitFileType = undefined; fileEncoding = 9; includeInIndex = 0; lastKnownFileType = wrapper.framework; name = Security.framework; path = System/Library/Frameworks/Security.framework; sourceTree = SDKROOT; };
		374BDE1319FA4E4F968B6E91 /* GoogleIPhoneUtilities.framework */ = {isa = PBXFileReference; explicitFileType = undefined; fileEncoding = 9; includeInIndex = 0; lastKnownFileType = wrapper.framework; name = GoogleIPhoneUtilities.framework; path = "QYB/Plugins/cordova-plugin-fcm/GoogleIPhoneUtilities.framework"; sourceTree = "<group>"; };
		39D5D3C7626348EC9812587C /* FirebaseCore.framework */ = {isa = PBXFileReference; explicitFileType = undefined; fileEncoding = 9; includeInIndex = 0; lastKnownFileType = wrapper.framework; name = FirebaseCore.framework; path = "QYB/Plugins/cordova-plugin-fcm/FirebaseCore.framework"; sourceTree = "<group>"; };
		3A663B3554C4446BAA77CBC5 /* GCDWebServerConnection.m */ = {isa = PBXFileReference; explicitFileType = undefined; fileEncoding = 4; includeInIndex = 0; lastKnownFileType = sourcecode.c.objc; name = GCDWebServerConnection.m; path = "cordova-plugin-ionic-webview/GCDWebServerConnection.m"; sourceTree = "<group>"; };
		3CC41CF6FC2848F5882DE612 /* NSString+SSURLEncoding.m */ = {isa = PBXFileReference; explicitFileType = undefined; fileEncoding = 4; includeInIndex = 0; lastKnownFileType = sourcecode.c.objc; name = "NSString+SSURLEncoding.m"; path = "cordova-plugin-x-socialsharing/NSString+SSURLEncoding.m"; sourceTree = "<group>"; };
		3CCC0EBC33EC422AB9F224E0 /* Social.framework */ = {isa = PBXFileReference; explicitFileType = undefined; fileEncoding = 9; includeInIndex = 0; lastKnownFileType = wrapper.framework; name = Social.framework; path = System/Library/Frameworks/Social.framework; sourceTree = SDKROOT; };
		3DB0180A8B8445EB9A209C3E /* GCDWebServerURLEncodedFormRequest.h */ = {isa = PBXFileReference; explicitFileType = undefined; fileEncoding = 4; includeInIndex = 0; lastKnownFileType = sourcecode.c.h; name = GCDWebServerURLEncodedFormRequest.h; path = "cordova-plugin-ionic-webview/GCDWebServerURLEncodedFormRequest.h"; sourceTree = "<group>"; };
		3ED77C24B9D747C189112A45 /* GCDWebServerFileRequest.m */ = {isa = PBXFileReference; explicitFileType = undefined; fileEncoding = 4; includeInIndex = 0; lastKnownFileType = sourcecode.c.objc; name = GCDWebServerFileRequest.m; path = "cordova-plugin-ionic-webview/GCDWebServerFileRequest.m"; sourceTree = "<group>"; };
		43E947ADBFA244CEA503FCFE /* CDVWKWebViewUIDelegate.m */ = {isa = PBXFileReference; explicitFileType = undefined; fileEncoding = 4; includeInIndex = 0; lastKnownFileType = sourcecode.c.objc; name = CDVWKWebViewUIDelegate.m; path = "cordova-plugin-ionic-webview/CDVWKWebViewUIDelegate.m"; sourceTree = "<group>"; };
		598FA0B10D8D4611A0D2BC61 /* CDVLocalFilesystem.h */ = {isa = PBXFileReference; explicitFileType = undefined; fileEncoding = 4; includeInIndex = 0; lastKnownFileType = sourcecode.c.h; name = CDVLocalFilesystem.h; path = "cordova-plugin-file/CDVLocalFilesystem.h"; sourceTree = "<group>"; };
		59C3282C3A8E42FC999B5B38 /* SocialSharing.m */ = {isa = PBXFileReference; explicitFileType = undefined; fileEncoding = 4; includeInIndex = 0; lastKnownFileType = sourcecode.c.objc; name = SocialSharing.m; path = "cordova-plugin-x-socialsharing/SocialSharing.m"; sourceTree = "<group>"; };
		5C83ACB7765D4981A07BB595 /* FirebaseInstanceID.framework */ = {isa = PBXFileReference; explicitFileType = undefined; fileEncoding = 9; includeInIndex = 0; lastKnownFileType = wrapper.framework; name = FirebaseInstanceID.framework; path = "QYB/Plugins/cordova-plugin-fcm/FirebaseInstanceID.framework"; sourceTree = "<group>"; };
		5CA41D567D6C46C089C90EBE /* GCDWebServerRequest.m */ = {isa = PBXFileReference; explicitFileType = undefined; fileEncoding = 4; includeInIndex = 0; lastKnownFileType = sourcecode.c.objc; name = GCDWebServerRequest.m; path = "cordova-plugin-ionic-webview/GCDWebServerRequest.m"; sourceTree = "<group>"; };
		5E7A2F4A48D444E49D58008F /* QRScanner.swift */ = {isa = PBXFileReference; explicitFileType = undefined; fileEncoding = 4; includeInIndex = 0; lastKnownFileType = sourcecode.swift; name = QRScanner.swift; path = "cordova-plugin-qrscanner/QRScanner.swift"; sourceTree = "<group>"; };
		5F5CA27EA81A457ABC8425D5 /* Toast+UIView.m */ = {isa = PBXFileReference; explicitFileType = undefined; fileEncoding = 4; includeInIndex = 0; lastKnownFileType = sourcecode.c.objc; name = "Toast+UIView.m"; path = "cordova-plugin-x-toast/Toast+UIView.m"; sourceTree = "<group>"; };
		62B022A923484F47A62588A9 /* GCDWebServerFunctions.m */ = {isa = PBXFileReference; explicitFileType = undefined; fileEncoding = 4; includeInIndex = 0; lastKnownFileType = sourcecode.c.objc; name = GCDWebServerFunctions.m; path = "cordova-plugin-ionic-webview/GCDWebServerFunctions.m"; sourceTree = "<group>"; };
		6307AC38C41F40D99213F9D2 /* WebKit.framework */ = {isa = PBXFileReference; explicitFileType = undefined; fileEncoding = 9; includeInIndex = 0; lastKnownFileType = wrapper.framework; name = WebKit.framework; path = System/Library/Frameworks/WebKit.framework; sourceTree = SDKROOT; };
		678B691252274774982FF20E /* FCMPlugin.h */ = {isa = PBXFileReference; explicitFileType = undefined; fileEncoding = 4; includeInIndex = 0; lastKnownFileType = sourcecode.c.h; name = FCMPlugin.h; path = "cordova-plugin-fcm/FCMPlugin.h"; sourceTree = "<group>"; };
		6969AAADCE00483BAB81EF7D /* GCDWebServerHTTPStatusCodes.h */ = {isa = PBXFileReference; explicitFileType = undefined; fileEncoding = 4; includeInIndex = 0; lastKnownFileType = sourcecode.c.h; name = GCDWebServerHTTPStatusCodes.h; path = "cordova-plugin-ionic-webview/GCDWebServerHTTPStatusCodes.h"; sourceTree = "<group>"; };
		6AFF5BF81D6E424B00AB3073 /* CDVLaunchScreen.storyboard */ = {isa = PBXFileReference; fileEncoding = 4; lastKnownFileType = file.storyboard; name = CDVLaunchScreen.storyboard; path = QYB/CDVLaunchScreen.storyboard; sourceTree = SOURCE_ROOT; };
		6C97E149051942B09689E934 /* GCDWebServerFileRequest.h */ = {isa = PBXFileReference; explicitFileType = undefined; fileEncoding = 4; includeInIndex = 0; lastKnownFileType = sourcecode.c.h; name = GCDWebServerFileRequest.h; path = "cordova-plugin-ionic-webview/GCDWebServerFileRequest.h"; sourceTree = "<group>"; };
		6E33B85213AC4F5F80AD88A5 /* Toast+UIView.h */ = {isa = PBXFileReference; explicitFileType = undefined; fileEncoding = 4; includeInIndex = 0; lastKnownFileType = sourcecode.c.h; name = "Toast+UIView.h"; path = "cordova-plugin-x-toast/Toast+UIView.h"; sourceTree = "<group>"; };
		706B1BE12E8C4B44868B6EB4 /* GCDWebServerDataRequest.m */ = {isa = PBXFileReference; explicitFileType = undefined; fileEncoding = 4; includeInIndex = 0; lastKnownFileType = sourcecode.c.objc; name = GCDWebServerDataRequest.m; path = "cordova-plugin-ionic-webview/GCDWebServerDataRequest.m"; sourceTree = "<group>"; };
		7092A42A68D14D33895B5A5B /* MessageUI.framework */ = {isa = PBXFileReference; explicitFileType = undefined; fileEncoding = 9; includeInIndex = 0; lastKnownFileType = wrapper.framework; name = MessageUI.framework; path = System/Library/Frameworks/MessageUI.framework; sourceTree = SDKROOT; };
		73B23DC86D8E480794622AD0 /* CDVConnection.h */ = {isa = PBXFileReference; explicitFileType = undefined; fileEncoding = 4; includeInIndex = 0; lastKnownFileType = sourcecode.c.h; name = CDVConnection.h; path = "cordova-plugin-network-information/CDVConnection.h"; sourceTree = "<group>"; };
		760F92C7957B4BBC810FEA5A /* GCDWebServerMultiPartFormRequest.h */ = {isa = PBXFileReference; explicitFileType = undefined; fileEncoding = 4; includeInIndex = 0; lastKnownFileType = sourcecode.c.h; name = GCDWebServerMultiPartFormRequest.h; path = "cordova-plugin-ionic-webview/GCDWebServerMultiPartFormRequest.h"; sourceTree = "<group>"; };
		77282AEF82FF48488ED4007F /* QuartzCore.framework */ = {isa = PBXFileReference; explicitFileType = undefined; fileEncoding = 9; includeInIndex = 0; lastKnownFileType = wrapper.framework; name = QuartzCore.framework; path = System/Library/Frameworks/QuartzCore.framework; sourceTree = SDKROOT; };
		78A24EE49B4348658EDC2EF6 /* GCDWebServerErrorResponse.m */ = {isa = PBXFileReference; explicitFileType = undefined; fileEncoding = 4; includeInIndex = 0; lastKnownFileType = sourcecode.c.objc; name = GCDWebServerErrorResponse.m; path = "cordova-plugin-ionic-webview/GCDWebServerErrorResponse.m"; sourceTree = "<group>"; };
		7A77186A64EF4533837E9694 /* CDVViewController+UpdateSupportedOrientations.m */ = {isa = PBXFileReference; explicitFileType = undefined; fileEncoding = 4; includeInIndex = 0; lastKnownFileType = sourcecode.c.objc; name = "CDVViewController+UpdateSupportedOrientations.m"; path = "cordova-plugin-screen-orientation/CDVViewController+UpdateSupportedOrientations.m"; sourceTree = "<group>"; };
		7C302A71ED2341E8AD279607 /* libc++.tbd */ = {isa = PBXFileReference; explicitFileType = undefined; fileEncoding = 9; includeInIndex = 0; lastKnownFileType = "sourcecode.text-based-dylib-definition"; name = "libc++.tbd"; path = "usr/lib/libc++.tbd"; sourceTree = SDKROOT; };
		7E5BF395466741FCBDDA3735 /* GCDWebServerFileResponse.m */ = {isa = PBXFileReference; explicitFileType = undefined; fileEncoding = 4; includeInIndex = 0; lastKnownFileType = sourcecode.c.objc; name = GCDWebServerFileResponse.m; path = "cordova-plugin-ionic-webview/GCDWebServerFileResponse.m"; sourceTree = "<group>"; };
		81D50C5368AB44C293C395FF /* CDVReachability.h */ = {isa = PBXFileReference; explicitFileType = undefined; fileEncoding = 4; includeInIndex = 0; lastKnownFileType = sourcecode.c.h; name = CDVReachability.h; path = "cordova-plugin-network-information/CDVReachability.h"; sourceTree = "<group>"; };
		82458F124E1D453FAD87F769 /* CDVLocalFilesystem.m */ = {isa = PBXFileReference; explicitFileType = undefined; fileEncoding = 4; includeInIndex = 0; lastKnownFileType = sourcecode.c.objc; name = CDVLocalFilesystem.m; path = "cordova-plugin-file/CDVLocalFilesystem.m"; sourceTree = "<group>"; };
		83BB75A3A93B45C4800F78B6 /* CDVReachability.m */ = {isa = PBXFileReference; explicitFileType = undefined; fileEncoding = 4; includeInIndex = 0; lastKnownFileType = sourcecode.c.objc; name = CDVReachability.m; path = "cordova-plugin-network-information/CDVReachability.m"; sourceTree = "<group>"; };
		8494A455BBA5497EA8920FE3 /* CDVStatusBar.m */ = {isa = PBXFileReference; explicitFileType = undefined; fileEncoding = 4; includeInIndex = 0; lastKnownFileType = sourcecode.c.objc; name = CDVStatusBar.m; path = "cordova-plugin-statusbar/CDVStatusBar.m"; sourceTree = "<group>"; };
		84A80D6AC97C4342972257D3 /* GCDWebServerErrorResponse.h */ = {isa = PBXFileReference; explicitFileType = undefined; fileEncoding = 4; includeInIndex = 0; lastKnownFileType = sourcecode.c.h; name = GCDWebServerErrorResponse.h; path = "cordova-plugin-ionic-webview/GCDWebServerErrorResponse.h"; sourceTree = "<group>"; };
		84DCB391BEE64B1FB4934E5E /* FirebaseAnalytics.framework */ = {isa = PBXFileReference; explicitFileType = undefined; fileEncoding = 9; includeInIndex = 0; lastKnownFileType = wrapper.framework; name = FirebaseAnalytics.framework; path = "QYB/Plugins/cordova-plugin-fcm/FirebaseAnalytics.framework"; sourceTree = "<group>"; };
		856B412CC9934990A25A0DE8 /* TouchID.m */ = {isa = PBXFileReference; explicitFileType = undefined; fileEncoding = 4; includeInIndex = 0; lastKnownFileType = sourcecode.c.objc; name = TouchID.m; path = "cordova-plugin-touch-id/TouchID.m"; sourceTree = "<group>"; };
		869C128E46144E339AEC33BD /* AudioToolbox.framework */ = {isa = PBXFileReference; explicitFileType = undefined; fileEncoding = 9; includeInIndex = 0; lastKnownFileType = wrapper.framework; name = AudioToolbox.framework; path = System/Library/Frameworks/AudioToolbox.framework; sourceTree = SDKROOT; };
		89C3DAFB189C452B9C78B084 /* GCDWebServerResponse.h */ = {isa = PBXFileReference; explicitFileType = undefined; fileEncoding = 4; includeInIndex = 0; lastKnownFileType = sourcecode.c.h; name = GCDWebServerResponse.h; path = "cordova-plugin-ionic-webview/GCDWebServerResponse.h"; sourceTree = "<group>"; };
		8C4DA321A92F4720A50B4EF4 /* GCDWebServerStreamedResponse.h */ = {isa = PBXFileReference; explicitFileType = undefined; fileEncoding = 4; includeInIndex = 0; lastKnownFileType = sourcecode.c.h; name = GCDWebServerStreamedResponse.h; path = "cordova-plugin-ionic-webview/GCDWebServerStreamedResponse.h"; sourceTree = "<group>"; };
		8D1107310486CEB800E47090 /* QYB-Info.plist */ = {isa = PBXFileReference; fileEncoding = 4; lastKnownFileType = text.plist.xml; name = "QYB-Info.plist"; path = "QYB/QYB-Info.plist"; plistStructureDefinitionIdentifier = "com.apple.xcode.plist.structure-definition.iphone.info-plist"; sourceTree = SOURCE_ROOT; };
		8DB7ED64167D4B17B7EAD286 /* CDVFile.m */ = {isa = PBXFileReference; explicitFileType = undefined; fileEncoding = 4; includeInIndex = 0; lastKnownFileType = sourcecode.c.objc; name = CDVFile.m; path = "cordova-plugin-file/CDVFile.m"; sourceTree = "<group>"; };
		8E8667D464CA4F7FBF33B0BE /* CDVClipboard.m */ = {isa = PBXFileReference; explicitFileType = undefined; fileEncoding = 4; includeInIndex = 0; lastKnownFileType = sourcecode.c.objc; name = CDVClipboard.m; path = "cordova-clipboard/CDVClipboard.m"; sourceTree = "<group>"; };
		8F522852B19B4293814411EC /* IonicKeyboard.m */ = {isa = PBXFileReference; explicitFileType = undefined; fileEncoding = 4; includeInIndex = 0; lastKnownFileType = sourcecode.c.objc; name = IonicKeyboard.m; path = "ionic-plugin-keyboard/IonicKeyboard.m"; sourceTree = "<group>"; };
		9618D19F5832409984370203 /* YoikScreenOrientation.m */ = {isa = PBXFileReference; explicitFileType = undefined; fileEncoding = 4; includeInIndex = 0; lastKnownFileType = sourcecode.c.objc; name = YoikScreenOrientation.m; path = "cordova-plugin-screen-orientation/YoikScreenOrientation.m"; sourceTree = "<group>"; };
		96BE3E5F4ED24A888B6D9D23 /* GCDWebServerConnection.h */ = {isa = PBXFileReference; explicitFileType = undefined; fileEncoding = 4; includeInIndex = 0; lastKnownFileType = sourcecode.c.h; name = GCDWebServerConnection.h; path = "cordova-plugin-ionic-webview/GCDWebServerConnection.h"; sourceTree = "<group>"; };
		9BC729566B9B493CBBB24184 /* UICKeyChainStore.h */ = {isa = PBXFileReference; explicitFileType = undefined; fileEncoding = 4; includeInIndex = 0; lastKnownFileType = sourcecode.c.h; name = UICKeyChainStore.h; path = "cordova-plugin-uniquedeviceid/UICKeyChainStore.h"; sourceTree = "<group>"; };
		A1C868A7BD034832931E74E4 /* CDVGlobalization.m */ = {isa = PBXFileReference; explicitFileType = undefined; fileEncoding = 4; includeInIndex = 0; lastKnownFileType = sourcecode.c.objc; name = CDVGlobalization.m; path = "cordova-plugin-globalization/CDVGlobalization.m"; sourceTree = "<group>"; };
		A2553A78BC1E48B98F9B17C6 /* CDVUniqueDeviceID.m */ = {isa = PBXFileReference; explicitFileType = undefined; fileEncoding = 4; includeInIndex = 0; lastKnownFileType = sourcecode.c.objc; name = CDVUniqueDeviceID.m; path = "cordova-plugin-uniquedeviceid/CDVUniqueDeviceID.m"; sourceTree = "<group>"; };
		A2A5767003404251865CB10E /* AppDelegate+FCMPlugin.m */ = {isa = PBXFileReference; explicitFileType = undefined; fileEncoding = 4; includeInIndex = 0; lastKnownFileType = sourcecode.c.objc; name = "AppDelegate+FCMPlugin.m"; path = "cordova-plugin-fcm/AppDelegate+FCMPlugin.m"; sourceTree = "<group>"; };
		A32A07FDD5BF4E5CA1D9E9BA /* CDVClipboard.h */ = {isa = PBXFileReference; explicitFileType = undefined; fileEncoding = 4; includeInIndex = 0; lastKnownFileType = sourcecode.c.h; name = CDVClipboard.h; path = "cordova-clipboard/CDVClipboard.h"; sourceTree = "<group>"; };
		A40E610C0C3F49D0A6FF6FCA /* CDVViewController+SplashScreen.h */ = {isa = PBXFileReference; explicitFileType = undefined; fileEncoding = 4; includeInIndex = 0; lastKnownFileType = sourcecode.c.h; name = "CDVViewController+SplashScreen.h"; path = "cordova-plugin-splashscreen/CDVViewController+SplashScreen.h"; sourceTree = "<group>"; };
		A721E0A9C1C246E9B883DBFF /* GCDWebServerURLEncodedFormRequest.m */ = {isa = PBXFileReference; explicitFileType = undefined; fileEncoding = 4; includeInIndex = 0; lastKnownFileType = sourcecode.c.objc; name = GCDWebServerURLEncodedFormRequest.m; path = "cordova-plugin-ionic-webview/GCDWebServerURLEncodedFormRequest.m"; sourceTree = "<group>"; };
		A9DE04109F7B4E648D2EF4DD /* UICKeyChainStore.m */ = {isa = PBXFileReference; explicitFileType = undefined; fileEncoding = 4; includeInIndex = 0; lastKnownFileType = sourcecode.c.objc; name = UICKeyChainStore.m; path = "cordova-plugin-uniquedeviceid/UICKeyChainStore.m"; sourceTree = "<group>"; };
		AADD59133AC44796806FA83D /* GCDWebServerFileResponse.h */ = {isa = PBXFileReference; explicitFileType = undefined; fileEncoding = 4; includeInIndex = 0; lastKnownFileType = sourcecode.c.h; name = GCDWebServerFileResponse.h; path = "cordova-plugin-ionic-webview/GCDWebServerFileResponse.h"; sourceTree = "<group>"; };
		ABCB347589734003B2DB3069 /* GCDWebServerPrivate.h */ = {isa = PBXFileReference; explicitFileType = undefined; fileEncoding = 4; includeInIndex = 0; lastKnownFileType = sourcecode.c.h; name = GCDWebServerPrivate.h; path = "cordova-plugin-ionic-webview/GCDWebServerPrivate.h"; sourceTree = "<group>"; };
		AE0F332F86B14A9B89564823 /* GCDWebServerDataResponse.h */ = {isa = PBXFileReference; explicitFileType = undefined; fileEncoding = 4; includeInIndex = 0; lastKnownFileType = sourcecode.c.h; name = GCDWebServerDataResponse.h; path = "cordova-plugin-ionic-webview/GCDWebServerDataResponse.h"; sourceTree = "<group>"; };
		AEC705CDD43E401D9A81846B /* AddressBook.framework */ = {isa = PBXFileReference; explicitFileType = undefined; fileEncoding = 9; includeInIndex = 0; lastKnownFileType = wrapper.framework; name = AddressBook.framework; path = System/Library/Frameworks/AddressBook.framework; sourceTree = SDKROOT; };
		B0D86D7E3CAA49E9ABDD8024 /* FCMPlugin.m */ = {isa = PBXFileReference; explicitFileType = undefined; fileEncoding = 4; includeInIndex = 0; lastKnownFileType = sourcecode.c.objc; name = FCMPlugin.m; path = "cordova-plugin-fcm/FCMPlugin.m"; sourceTree = "<group>"; };
		B2BA769D273647859055F201 /* GCDWebServerStreamedResponse.m */ = {isa = PBXFileReference; explicitFileType = undefined; fileEncoding = 4; includeInIndex = 0; lastKnownFileType = sourcecode.c.objc; name = GCDWebServerStreamedResponse.m; path = "cordova-plugin-ionic-webview/GCDWebServerStreamedResponse.m"; sourceTree = "<group>"; };
		B3B5FBA98A814154A4EA03BC /* GCDWebServerMultiPartFormRequest.m */ = {isa = PBXFileReference; explicitFileType = undefined; fileEncoding = 4; includeInIndex = 0; lastKnownFileType = sourcecode.c.objc; name = GCDWebServerMultiPartFormRequest.m; path = "cordova-plugin-ionic-webview/GCDWebServerMultiPartFormRequest.m"; sourceTree = "<group>"; };
		B5B9E70502864311AEF0417B /* CDVNotification.h */ = {isa = PBXFileReference; explicitFileType = undefined; fileEncoding = 4; includeInIndex = 0; lastKnownFileType = sourcecode.c.h; name = CDVNotification.h; path = "cordova-plugin-dialogs/CDVNotification.h"; sourceTree = "<group>"; };
		B9AC4F63BD5548A79E077BD0 /* CDVNotification.bundle */ = {isa = PBXFileReference; explicitFileType = undefined; fileEncoding = 9; includeInIndex = 0; lastKnownFileType = "wrapper.plug-in"; path = CDVNotification.bundle; sourceTree = "<group>"; };
		BB11DEDC1F0541F39AC882C9 /* GoogleSymbolUtilities.framework */ = {isa = PBXFileReference; explicitFileType = undefined; fileEncoding = 9; includeInIndex = 0; lastKnownFileType = wrapper.framework; name = GoogleSymbolUtilities.framework; path = "QYB/Plugins/cordova-plugin-fcm/GoogleSymbolUtilities.framework"; sourceTree = "<group>"; };
		BC80688BF0BA49CCAB2F2DFA /* IonicKeyboard.h */ = {isa = PBXFileReference; explicitFileType = undefined; fileEncoding = 4; includeInIndex = 0; lastKnownFileType = sourcecode.c.h; name = IonicKeyboard.h; path = "ionic-plugin-keyboard/IonicKeyboard.h"; sourceTree = "<group>"; };
		BC9CB240F2B94DF28840F46A /* CDVInAppBrowser.m */ = {isa = PBXFileReference; explicitFileType = undefined; fileEncoding = 4; includeInIndex = 0; lastKnownFileType = sourcecode.c.objc; name = CDVInAppBrowser.m; path = "cordova-plugin-inappbrowser/CDVInAppBrowser.m"; sourceTree = "<group>"; };
		BE9C7CA2D0C541A1A049A509 /* CDVConnection.m */ = {isa = PBXFileReference; explicitFileType = undefined; fileEncoding = 4; includeInIndex = 0; lastKnownFileType = sourcecode.c.objc; name = CDVConnection.m; path = "cordova-plugin-network-information/CDVConnection.m"; sourceTree = "<group>"; };
		C1B395B5A2C54494B28AE236 /* CDVWKProcessPoolFactory.m */ = {isa = PBXFileReference; explicitFileType = undefined; fileEncoding = 4; includeInIndex = 0; lastKnownFileType = sourcecode.c.objc; name = CDVWKProcessPoolFactory.m; path = "cordova-plugin-ionic-webview/CDVWKProcessPoolFactory.m"; sourceTree = "<group>"; };
		C2D0B73BD32245FFAB27ED6E /* CDVAssetLibraryFilesystem.m */ = {isa = PBXFileReference; explicitFileType = undefined; fileEncoding = 4; includeInIndex = 0; lastKnownFileType = sourcecode.c.objc; name = CDVAssetLibraryFilesystem.m; path = "cordova-plugin-file/CDVAssetLibraryFilesystem.m"; sourceTree = "<group>"; };
		C4373340679D4DDBAE53AE34 /* CDVSplashScreen.h */ = {isa = PBXFileReference; explicitFileType = undefined; fileEncoding = 4; includeInIndex = 0; lastKnownFileType = sourcecode.c.h; name = CDVSplashScreen.h; path = "cordova-plugin-splashscreen/CDVSplashScreen.h"; sourceTree = "<group>"; };
		C5A545BB3AE648CE9B752772 /* CDVGlobalization.h */ = {isa = PBXFileReference; explicitFileType = undefined; fileEncoding = 4; includeInIndex = 0; lastKnownFileType = sourcecode.c.h; name = CDVGlobalization.h; path = "cordova-plugin-globalization/CDVGlobalization.h"; sourceTree = "<group>"; };
		C7912406A9F646FAAB797348 /* CDVFile.h */ = {isa = PBXFileReference; explicitFileType = undefined; fileEncoding = 4; includeInIndex = 0; lastKnownFileType = sourcecode.c.h; name = CDVFile.h; path = "cordova-plugin-file/CDVFile.h"; sourceTree = "<group>"; };
		C8997D686C3C422589F75C68 /* GoogleInterchangeUtilities.framework */ = {isa = PBXFileReference; explicitFileType = undefined; fileEncoding = 9; includeInIndex = 0; lastKnownFileType = wrapper.framework; name = GoogleInterchangeUtilities.framework; path = "QYB/Plugins/cordova-plugin-fcm/GoogleInterchangeUtilities.framework"; sourceTree = "<group>"; };
		CB7E815554814C9D892AC889 /* GCDWebServer.h */ = {isa = PBXFileReference; explicitFileType = undefined; fileEncoding = 4; includeInIndex = 0; lastKnownFileType = sourcecode.c.h; name = GCDWebServer.h; path = "cordova-plugin-ionic-webview/GCDWebServer.h"; sourceTree = "<group>"; };
		D04F6FC6937E4B129BD4EDA4 /* TouchID.h */ = {isa = PBXFileReference; explicitFileType = undefined; fileEncoding = 4; includeInIndex = 0; lastKnownFileType = sourcecode.c.h; name = TouchID.h; path = "cordova-plugin-touch-id/TouchID.h"; sourceTree = "<group>"; };
		D0F8041C67E94D7794907721 /* GCDWebServerRequest.h */ = {isa = PBXFileReference; explicitFileType = undefined; fileEncoding = 4; includeInIndex = 0; lastKnownFileType = sourcecode.c.h; name = GCDWebServerRequest.h; path = "cordova-plugin-ionic-webview/GCDWebServerRequest.h"; sourceTree = "<group>"; };
		D41FF5633FD24D9E8CBD931A /* GCDWebServerResponse.m */ = {isa = PBXFileReference; explicitFileType = undefined; fileEncoding = 4; includeInIndex = 0; lastKnownFileType = sourcecode.c.objc; name = GCDWebServerResponse.m; path = "cordova-plugin-ionic-webview/GCDWebServerResponse.m"; sourceTree = "<group>"; };
		E18827F72010E29F001F196E /* QYB.entitlements */ = {isa = PBXFileReference; lastKnownFileType = text.plist.entitlements; name = QYB.entitlements; path = QYB/QYB.entitlements; sourceTree = "<group>"; };
		E18827FA2010EBF5001F196E /* Bugly.framework */ = {isa = PBXFileReference; lastKnownFileType = wrapper.framework; path = Bugly.framework; sourceTree = "<group>"; };
		E1F4200611894522A92B6568 /* CDVStatusBar.h */ = {isa = PBXFileReference; explicitFileType = undefined; fileEncoding = 4; includeInIndex = 0; lastKnownFileType = sourcecode.c.h; name = CDVStatusBar.h; path = "cordova-plugin-statusbar/CDVStatusBar.h"; sourceTree = "<group>"; };
		E4CF062E817749D69B6C7D94 /* CoreTelephony.framework */ = {isa = PBXFileReference; explicitFileType = undefined; fileEncoding = 9; includeInIndex = 0; lastKnownFileType = wrapper.framework; name = CoreTelephony.framework; path = System/Library/Frameworks/CoreTelephony.framework; sourceTree = SDKROOT; };
		E58C567E9C744DE3B93F3147 /* CDVWKWebViewEngine.h */ = {isa = PBXFileReference; explicitFileType = undefined; fileEncoding = 4; includeInIndex = 0; lastKnownFileType = sourcecode.c.h; name = CDVWKWebViewEngine.h; path = "cordova-plugin-ionic-webview/CDVWKWebViewEngine.h"; sourceTree = "<group>"; };
		E5D754B427C84637B58820F6 /* CDVNotification.m */ = {isa = PBXFileReference; explicitFileType = undefined; fileEncoding = 4; includeInIndex = 0; lastKnownFileType = sourcecode.c.objc; name = CDVNotification.m; path = "cordova-plugin-dialogs/CDVNotification.m"; sourceTree = "<group>"; };
		E83979872CCF460281CF8ADA /* GCDWebServerFunctions.h */ = {isa = PBXFileReference; explicitFileType = undefined; fileEncoding = 4; includeInIndex = 0; lastKnownFileType = sourcecode.c.h; name = GCDWebServerFunctions.h; path = "cordova-plugin-ionic-webview/GCDWebServerFunctions.h"; sourceTree = "<group>"; };
		EB87FDF31871DA8E0020F90C /* www */ = {isa = PBXFileReference; lastKnownFileType = folder; name = www; path = ../../www; sourceTree = "<group>"; };
		EB87FDF41871DAF40020F90C /* config.xml */ = {isa = PBXFileReference; lastKnownFileType = text.xml; name = config.xml; path = ../../config.xml; sourceTree = "<group>"; };
		EBF44613B723489ABC26CE17 /* GoogleUtilities.framework */ = {isa = PBXFileReference; explicitFileType = undefined; fileEncoding = 9; includeInIndex = 0; lastKnownFileType = wrapper.framework; name = GoogleUtilities.framework; path = "QYB/Plugins/cordova-plugin-fcm/GoogleUtilities.framework"; sourceTree = "<group>"; };
		ED24624D7658424AAE5D6AE8 /* LocalAuthentication.framework */ = {isa = PBXFileReference; explicitFileType = undefined; fileEncoding = 9; includeInIndex = 0; lastKnownFileType = wrapper.framework; name = LocalAuthentication.framework; path = System/Library/Frameworks/LocalAuthentication.framework; sourceTree = SDKROOT; };
		ED33DF2A687741AEAF9F8254 /* Bridging-Header.h */ = {isa = PBXFileReference; fileEncoding = 4; lastKnownFileType = sourcecode.c.h; path = "Bridging-Header.h"; sourceTree = "<group>"; };
		ED933C22F1A6414887E2A7E4 /* CDVWKWebViewEngine.m */ = {isa = PBXFileReference; explicitFileType = undefined; fileEncoding = 4; includeInIndex = 0; lastKnownFileType = sourcecode.c.objc; name = CDVWKWebViewEngine.m; path = "cordova-plugin-ionic-webview/CDVWKWebViewEngine.m"; sourceTree = "<group>"; };
		EF91968ACFF7410ABDD4BC79 /* NSString+SSURLEncoding.h */ = {isa = PBXFileReference; explicitFileType = undefined; fileEncoding = 4; includeInIndex = 0; lastKnownFileType = sourcecode.c.h; name = "NSString+SSURLEncoding.h"; path = "cordova-plugin-x-socialsharing/NSString+SSURLEncoding.h"; sourceTree = "<group>"; };
		F2075998F93C4FCCAB597586 /* CDVInAppBrowser.h */ = {isa = PBXFileReference; explicitFileType = undefined; fileEncoding = 4; includeInIndex = 0; lastKnownFileType = sourcecode.c.h; name = CDVInAppBrowser.h; path = "cordova-plugin-inappbrowser/CDVInAppBrowser.h"; sourceTree = "<group>"; };
		F4215E16CE3D44E485724C90 /* CDVDevice.m */ = {isa = PBXFileReference; explicitFileType = undefined; fileEncoding = 4; includeInIndex = 0; lastKnownFileType = sourcecode.c.objc; name = CDVDevice.m; path = "cordova-plugin-device/CDVDevice.m"; sourceTree = "<group>"; };
		F6098638E6374734B75D654B /* Toast.h */ = {isa = PBXFileReference; explicitFileType = undefined; fileEncoding = 4; includeInIndex = 0; lastKnownFileType = sourcecode.c.h; name = Toast.h; path = "cordova-plugin-x-toast/Toast.h"; sourceTree = "<group>"; };
		F6C58BED902B4826B38DEDFA /* SocialSharing.h */ = {isa = PBXFileReference; explicitFileType = undefined; fileEncoding = 4; includeInIndex = 0; lastKnownFileType = sourcecode.c.h; name = SocialSharing.h; path = "cordova-plugin-x-socialsharing/SocialSharing.h"; sourceTree = "<group>"; };
		F840E1F0165FE0F500CFE078 /* config.xml */ = {isa = PBXFileReference; lastKnownFileType = text.xml; name = config.xml; path = QYB/config.xml; sourceTree = "<group>"; };
		FA3EF348F9CD47D09E43791C /* CDVSpinnerDialog.m */ = {isa = PBXFileReference; explicitFileType = undefined; fileEncoding = 4; includeInIndex = 0; lastKnownFileType = sourcecode.c.objc; name = CDVSpinnerDialog.m; path = "cordova-plugin-spinner-dialog/CDVSpinnerDialog.m"; sourceTree = "<group>"; };
		FA91F8A0808B4B41A31D7D1F /* CDVWKWebViewUIDelegate.h */ = {isa = PBXFileReference; explicitFileType = undefined; fileEncoding = 4; includeInIndex = 0; lastKnownFileType = sourcecode.c.h; name = CDVWKWebViewUIDelegate.h; path = "cordova-plugin-ionic-webview/CDVWKWebViewUIDelegate.h"; sourceTree = "<group>"; };
		FDAFFD1D8F6E4413863086E8 /* libsqlite3.0.tbd */ = {isa = PBXFileReference; explicitFileType = undefined; fileEncoding = 9; includeInIndex = 0; lastKnownFileType = "sourcecode.text-based-dylib-definition"; name = libsqlite3.0.tbd; path = usr/lib/libsqlite3.0.tbd; sourceTree = SDKROOT; };
/* End PBXFileReference section */

/* Begin PBXFrameworksBuildPhase section */
		1D60588F0D05DD3D006BFB54 /* Frameworks */ = {
			isa = PBXFrameworksBuildPhase;
			buildActionMask = 2147483647;
			files = (
				301BF552109A68D80062928A /* libCordova.a in Frameworks */,
				4137AFC340F14509A916AE37 /* libz.tbd in Frameworks */,
				905275708B25420D8FAE78D8 /* QuartzCore.framework in Frameworks */,
				EA54978E289E4A558F0F42D5 /* Social.framework in Frameworks */,
				11187E2733784E2BB2209BB6 /* MessageUI.framework in Frameworks */,
				B3CEDF9C69554BD68C55DCF1 /* AudioToolbox.framework in Frameworks */,
				5E1305E47BBE4171819DD915 /* SystemConfiguration.framework in Frameworks */,
				3A264291ED954AC99633510E /* CoreTelephony.framework in Frameworks */,
				49C291F6029A4F85978344A5 /* Security.framework in Frameworks */,
				6B00A06510BB48DB9B5AC73B /* LocalAuthentication.framework in Frameworks */,
				712E2CDA31004A21A822638C /* WebKit.framework in Frameworks */,
				3FA9C8E5C4AD4582B66B57C2 /* FirebaseAnalytics.framework in Frameworks */,
				E18827FB2010EBF5001F196E /* Bugly.framework in Frameworks */,
				C6BEF2B43760431FAF32391A /* FirebaseCore.framework in Frameworks */,
				37F8F30A498143F09243B0D4 /* FirebaseInstanceID.framework in Frameworks */,
				5EB515249F7A4581878D8683 /* FirebaseMessaging.framework in Frameworks */,
				476FF31FCCB9498A9E1178B4 /* GoogleInterchangeUtilities.framework in Frameworks */,
				F93484ECB5A349F2A9F64880 /* GoogleIPhoneUtilities.framework in Frameworks */,
				9891EAC75C0241CEB672B34C /* GoogleSymbolUtilities.framework in Frameworks */,
				F0BB621738C748A4996E2862 /* GoogleUtilities.framework in Frameworks */,
				235048118BD4439095041A54 /* libc++.tbd in Frameworks */,
				F1E1BD7574474F57883DA625 /* AddressBook.framework in Frameworks */,
				F9279C86D2DD448EA0FCDEDB /* libsqlite3.0.tbd in Frameworks */,
			);
			runOnlyForDeploymentPostprocessing = 0;
		};
/* End PBXFrameworksBuildPhase section */

/* Begin PBXGroup section */
		080E96DDFE201D6D7F000001 /* Classes */ = {
			isa = PBXGroup;
			children = (
				302D95EE14D2391D003F00A1 /* MainViewController.h */,
				302D95EF14D2391D003F00A1 /* MainViewController.m */,
				302D95F014D2391D003F00A1 /* MainViewController.xib */,
				1D3623240D0F684500981E51 /* AppDelegate.h */,
				1D3623250D0F684500981E51 /* AppDelegate.m */,
			);
			name = Classes;
			path = QYB/Classes;
			sourceTree = SOURCE_ROOT;
		};
		19C28FACFE9D520D11CA2CBB /* Products */ = {
			isa = PBXGroup;
			children = (
				1D6058910D05DD3D006BFB54 /* QYB.app */,
			);
			name = Products;
			sourceTree = "<group>";
		};
		29B97314FDCFA39411CA2CEA /* CustomTemplate */ = {
			isa = PBXGroup;
			children = (
				E18827F72010E29F001F196E /* QYB.entitlements */,
				EB87FDF41871DAF40020F90C /* config.xml */,
				EB87FDF31871DA8E0020F90C /* www */,
				EB87FDF11871DA420020F90C /* Staging */,
				301BF52D109A57CC0062928A /* CordovaLib.xcodeproj */,
				080E96DDFE201D6D7F000001 /* Classes */,
				307C750510C5A3420062BCA9 /* Plugins */,
				29B97315FDCFA39411CA2CEA /* Other Sources */,
				29B97317FDCFA39411CA2CEA /* Resources */,
				29B97323FDCFA39411CA2CEA /* Frameworks */,
				19C28FACFE9D520D11CA2CBB /* Products */,
			);
			name = CustomTemplate;
			sourceTree = "<group>";
		};
		29B97315FDCFA39411CA2CEA /* Other Sources */ = {
			isa = PBXGroup;
			children = (
				32CA4F630368D1EE00C91783 /* QYB-Prefix.pch */,
				29B97316FDCFA39411CA2CEA /* main.m */,
				ED33DF2A687741AEAF9F8254 /* Bridging-Header.h */,
			);
			name = "Other Sources";
			path = QYB;
			sourceTree = "<group>";
		};
		29B97317FDCFA39411CA2CEA /* Resources */ = {
			isa = PBXGroup;
			children = (
				0207DA571B56EA530066E2B4 /* Images.xcassets */,
				3047A50E1AB8057F00498E2A /* config */,
				8D1107310486CEB800E47090 /* QYB-Info.plist */,
				6AFF5BF81D6E424B00AB3073 /* CDVLaunchScreen.storyboard */,
				B9AC4F63BD5548A79E077BD0 /* CDVNotification.bundle */,
				0800629C011F487A9E631C51 /* GoogleService-Info.plist */,
			);
			name = Resources;
			path = QYB/Resources;
			sourceTree = "<group>";
		};
		29B97323FDCFA39411CA2CEA /* Frameworks */ = {
			isa = PBXGroup;
			children = (
				10ABD1D0953B4D9DAFB1FBE6 /* libz.tbd */,
				E18827FA2010EBF5001F196E /* Bugly.framework */,
				77282AEF82FF48488ED4007F /* QuartzCore.framework */,
				3CCC0EBC33EC422AB9F224E0 /* Social.framework */,
				7092A42A68D14D33895B5A5B /* MessageUI.framework */,
				869C128E46144E339AEC33BD /* AudioToolbox.framework */,
				1A8D304FBDB7425D82C527B5 /* SystemConfiguration.framework */,
				E4CF062E817749D69B6C7D94 /* CoreTelephony.framework */,
				32F2795A1B09488D803F1B4B /* Security.framework */,
				ED24624D7658424AAE5D6AE8 /* LocalAuthentication.framework */,
				6307AC38C41F40D99213F9D2 /* WebKit.framework */,
				84DCB391BEE64B1FB4934E5E /* FirebaseAnalytics.framework */,
				39D5D3C7626348EC9812587C /* FirebaseCore.framework */,
				5C83ACB7765D4981A07BB595 /* FirebaseInstanceID.framework */,
				15958C59646D458BAD942704 /* FirebaseMessaging.framework */,
				C8997D686C3C422589F75C68 /* GoogleInterchangeUtilities.framework */,
				374BDE1319FA4E4F968B6E91 /* GoogleIPhoneUtilities.framework */,
				BB11DEDC1F0541F39AC882C9 /* GoogleSymbolUtilities.framework */,
				EBF44613B723489ABC26CE17 /* GoogleUtilities.framework */,
				7C302A71ED2341E8AD279607 /* libc++.tbd */,
				AEC705CDD43E401D9A81846B /* AddressBook.framework */,
				FDAFFD1D8F6E4413863086E8 /* libsqlite3.0.tbd */,
			);
			name = Frameworks;
			sourceTree = "<group>";
		};
		301BF52E109A57CC0062928A /* Products */ = {
			isa = PBXGroup;
			children = (
				301BF535109A57CC0062928A /* libCordova.a */,
				E18827F62010E23F001F196E /* Cordova.framework */,
			);
			name = Products;
			sourceTree = "<group>";
		};
		3047A50E1AB8057F00498E2A /* config */ = {
			isa = PBXGroup;
			children = (
				3047A50F1AB8059700498E2A /* build-debug.xcconfig */,
				3047A5101AB8059700498E2A /* build-release.xcconfig */,
				3047A5111AB8059700498E2A /* build.xcconfig */,
			);
			name = config;
			sourceTree = "<group>";
		};
		307C750510C5A3420062BCA9 /* Plugins */ = {
			isa = PBXGroup;
			children = (
				F4215E16CE3D44E485724C90 /* CDVDevice.m */,
				1F6EA37A30C84928A518F1FD /* CDVDevice.h */,
				A1C868A7BD034832931E74E4 /* CDVGlobalization.m */,
				C5A545BB3AE648CE9B752772 /* CDVGlobalization.h */,
				13605B2CEA354B23BD767E00 /* CDVSplashScreen.m */,
				054C2568C88241EC9B91B257 /* CDVViewController+SplashScreen.m */,
				C4373340679D4DDBAE53AE34 /* CDVSplashScreen.h */,
				A40E610C0C3F49D0A6FF6FCA /* CDVViewController+SplashScreen.h */,
				8494A455BBA5497EA8920FE3 /* CDVStatusBar.m */,
				E1F4200611894522A92B6568 /* CDVStatusBar.h */,
				BC9CB240F2B94DF28840F46A /* CDVInAppBrowser.m */,
				F2075998F93C4FCCAB597586 /* CDVInAppBrowser.h */,
				5F5CA27EA81A457ABC8425D5 /* Toast+UIView.m */,
				204195B0D12D423A93702D71 /* Toast.m */,
				6E33B85213AC4F5F80AD88A5 /* Toast+UIView.h */,
				F6098638E6374734B75D654B /* Toast.h */,
				8E8667D464CA4F7FBF33B0BE /* CDVClipboard.m */,
				A32A07FDD5BF4E5CA1D9E9BA /* CDVClipboard.h */,
				3CC41CF6FC2848F5882DE612 /* NSString+SSURLEncoding.m */,
				59C3282C3A8E42FC999B5B38 /* SocialSharing.m */,
				EF91968ACFF7410ABDD4BC79 /* NSString+SSURLEncoding.h */,
				F6C58BED902B4826B38DEDFA /* SocialSharing.h */,
				FA3EF348F9CD47D09E43791C /* CDVSpinnerDialog.m */,
				1DC00F089B124AA393B264F1 /* CDVSpinnerDialog.h */,
				E5D754B427C84637B58820F6 /* CDVNotification.m */,
				B5B9E70502864311AEF0417B /* CDVNotification.h */,
				BE9C7CA2D0C541A1A049A509 /* CDVConnection.m */,
				83BB75A3A93B45C4800F78B6 /* CDVReachability.m */,
				73B23DC86D8E480794622AD0 /* CDVConnection.h */,
				81D50C5368AB44C293C395FF /* CDVReachability.h */,
				A9DE04109F7B4E648D2EF4DD /* UICKeyChainStore.m */,
				A2553A78BC1E48B98F9B17C6 /* CDVUniqueDeviceID.m */,
				9BC729566B9B493CBBB24184 /* UICKeyChainStore.h */,
				268E5890A90A417B818CB7F8 /* CDVUniqueDeviceID.h */,
				8DB7ED64167D4B17B7EAD286 /* CDVFile.m */,
				82458F124E1D453FAD87F769 /* CDVLocalFilesystem.m */,
				C2D0B73BD32245FFAB27ED6E /* CDVAssetLibraryFilesystem.m */,
				C7912406A9F646FAAB797348 /* CDVFile.h */,
				598FA0B10D8D4611A0D2BC61 /* CDVLocalFilesystem.h */,
				1E55F2AE07CF4B659F86ADE7 /* CDVAssetLibraryFilesystem.h */,
				856B412CC9934990A25A0DE8 /* TouchID.m */,
				D04F6FC6937E4B129BD4EDA4 /* TouchID.h */,
				9618D19F5832409984370203 /* YoikScreenOrientation.m */,
				7A77186A64EF4533837E9694 /* CDVViewController+UpdateSupportedOrientations.m */,
				10498668C9074E88A292BF9C /* YoikScreenOrientation.h */,
				2C39080996AC4501BEB241C6 /* CDVViewController+UpdateSupportedOrientations.h */,
				8F522852B19B4293814411EC /* IonicKeyboard.m */,
				BC80688BF0BA49CCAB2F2DFA /* IonicKeyboard.h */,
				5E7A2F4A48D444E49D58008F /* QRScanner.swift */,
				ED933C22F1A6414887E2A7E4 /* CDVWKWebViewEngine.m */,
				43E947ADBFA244CEA503FCFE /* CDVWKWebViewUIDelegate.m */,
				C1B395B5A2C54494B28AE236 /* CDVWKProcessPoolFactory.m */,
				23CE7456CC194CFD86605274 /* GCDWebServer.m */,
				3A663B3554C4446BAA77CBC5 /* GCDWebServerConnection.m */,
				62B022A923484F47A62588A9 /* GCDWebServerFunctions.m */,
				5CA41D567D6C46C089C90EBE /* GCDWebServerRequest.m */,
				D41FF5633FD24D9E8CBD931A /* GCDWebServerResponse.m */,
				706B1BE12E8C4B44868B6EB4 /* GCDWebServerDataRequest.m */,
				3ED77C24B9D747C189112A45 /* GCDWebServerFileRequest.m */,
				B3B5FBA98A814154A4EA03BC /* GCDWebServerMultiPartFormRequest.m */,
				A721E0A9C1C246E9B883DBFF /* GCDWebServerURLEncodedFormRequest.m */,
				11D20D033C8641B3B7E6C900 /* GCDWebServerDataResponse.m */,
				78A24EE49B4348658EDC2EF6 /* GCDWebServerErrorResponse.m */,
				7E5BF395466741FCBDDA3735 /* GCDWebServerFileResponse.m */,
				B2BA769D273647859055F201 /* GCDWebServerStreamedResponse.m */,
				E58C567E9C744DE3B93F3147 /* CDVWKWebViewEngine.h */,
				FA91F8A0808B4B41A31D7D1F /* CDVWKWebViewUIDelegate.h */,
				1B42E410D09342ABA2238F9B /* CDVWKProcessPoolFactory.h */,
				CB7E815554814C9D892AC889 /* GCDWebServer.h */,
				96BE3E5F4ED24A888B6D9D23 /* GCDWebServerConnection.h */,
				E83979872CCF460281CF8ADA /* GCDWebServerFunctions.h */,
				6969AAADCE00483BAB81EF7D /* GCDWebServerHTTPStatusCodes.h */,
				ABCB347589734003B2DB3069 /* GCDWebServerPrivate.h */,
				D0F8041C67E94D7794907721 /* GCDWebServerRequest.h */,
				89C3DAFB189C452B9C78B084 /* GCDWebServerResponse.h */,
				211364137BEF46D883196088 /* GCDWebServerDataRequest.h */,
				6C97E149051942B09689E934 /* GCDWebServerFileRequest.h */,
				760F92C7957B4BBC810FEA5A /* GCDWebServerMultiPartFormRequest.h */,
				3DB0180A8B8445EB9A209C3E /* GCDWebServerURLEncodedFormRequest.h */,
				AE0F332F86B14A9B89564823 /* GCDWebServerDataResponse.h */,
				84A80D6AC97C4342972257D3 /* GCDWebServerErrorResponse.h */,
				AADD59133AC44796806FA83D /* GCDWebServerFileResponse.h */,
				8C4DA321A92F4720A50B4EF4 /* GCDWebServerStreamedResponse.h */,
				B0D86D7E3CAA49E9ABDD8024 /* FCMPlugin.m */,
				A2A5767003404251865CB10E /* AppDelegate+FCMPlugin.m */,
				678B691252274774982FF20E /* FCMPlugin.h */,
				1F3026E9BBBE4CF6AE08D39D /* AppDelegate+FCMPlugin.h */,
				01489AB5EAA4494696F6EC8C /* Firebase.h */,
			);
			name = Plugins;
			path = QYB/Plugins;
			sourceTree = SOURCE_ROOT;
		};
		EB87FDF11871DA420020F90C /* Staging */ = {
			isa = PBXGroup;
			children = (
				F840E1F0165FE0F500CFE078 /* config.xml */,
				301BF56E109A69640062928A /* www */,
			);
			name = Staging;
			sourceTree = "<group>";
		};
/* End PBXGroup section */

/* Begin PBXNativeTarget section */
		1D6058900D05DD3D006BFB54 /* QYB */ = {
			isa = PBXNativeTarget;
			buildConfigurationList = 1D6058960D05DD3E006BFB54 /* Build configuration list for PBXNativeTarget "QYB" */;
			buildPhases = (
				304B58A110DAC018002A0835 /* Copy www directory */,
				1D60588D0D05DD3D006BFB54 /* Resources */,
				1D60588E0D05DD3D006BFB54 /* Sources */,
				1D60588F0D05DD3D006BFB54 /* Frameworks */,
			);
			buildRules = (
			);
			dependencies = (
				301BF551109A68C00062928A /* PBXTargetDependency */,
			);
			name = QYB;
			productName = QYB;
			productReference = 1D6058910D05DD3D006BFB54 /* QYB.app */;
			productType = "com.apple.product-type.application";
		};
/* End PBXNativeTarget section */

/* Begin PBXProject section */
		29B97313FDCFA39411CA2CEA /* Project object */ = {
			isa = PBXProject;
			attributes = {
				LastUpgradeCheck = 510;
				TargetAttributes = {
					1D6058900D05DD3D006BFB54 = {
						DevelopmentTeam = S85C3R4P94;
						SystemCapabilities = {
							com.apple.Push = {
								enabled = 1;
							};
						};
					};
				};
			};
			buildConfigurationList = C01FCF4E08A954540054247B /* Build configuration list for PBXProject "QYB" */;
			compatibilityVersion = "Xcode 3.2";
			developmentRegion = English;
			hasScannedForEncodings = 1;
			knownRegions = (
				en,
			);
			mainGroup = 29B97314FDCFA39411CA2CEA /* CustomTemplate */;
			projectDirPath = "";
			projectReferences = (
				{
					ProductGroup = 301BF52E109A57CC0062928A /* Products */;
					ProjectRef = 301BF52D109A57CC0062928A /* CordovaLib.xcodeproj */;
				},
			);
			projectRoot = "";
			targets = (
				1D6058900D05DD3D006BFB54 /* QYB */,
			);
		};
/* End PBXProject section */

/* Begin PBXReferenceProxy section */
		301BF535109A57CC0062928A /* libCordova.a */ = {
			isa = PBXReferenceProxy;
			fileType = archive.ar;
			path = libCordova.a;
			remoteRef = 301BF534109A57CC0062928A /* PBXContainerItemProxy */;
			sourceTree = BUILT_PRODUCTS_DIR;
		};
		E18827F62010E23F001F196E /* Cordova.framework */ = {
			isa = PBXReferenceProxy;
			fileType = wrapper.framework;
			path = Cordova.framework;
			remoteRef = E18827F52010E23F001F196E /* PBXContainerItemProxy */;
			sourceTree = BUILT_PRODUCTS_DIR;
		};
/* End PBXReferenceProxy section */

/* Begin PBXResourcesBuildPhase section */
		1D60588D0D05DD3D006BFB54 /* Resources */ = {
			isa = PBXResourcesBuildPhase;
			buildActionMask = 2147483647;
			files = (
				302D95F214D2391D003F00A1 /* MainViewController.xib in Resources */,
				0207DA581B56EA530066E2B4 /* Images.xcassets in Resources */,
				6AFF5BF91D6E424B00AB3073 /* CDVLaunchScreen.storyboard in Resources */,
				11099F86605D42F3826F4301 /* CDVNotification.bundle in Resources */,
				041FC0754D0246819CF3D20E /* GoogleService-Info.plist in Resources */,
			);
			runOnlyForDeploymentPostprocessing = 0;
		};
/* End PBXResourcesBuildPhase section */

/* Begin PBXShellScriptBuildPhase section */
		304B58A110DAC018002A0835 /* Copy www directory */ = {
			isa = PBXShellScriptBuildPhase;
			buildActionMask = 2147483647;
			files = (
			);
			inputPaths = (
			);
			name = "Copy www directory";
			outputPaths = (
			);
			runOnlyForDeploymentPostprocessing = 0;
			shellPath = /bin/sh;
			shellScript = "NODEJS_PATH=/usr/local/bin; NVM_NODE_PATH=~/.nvm/versions/node/`nvm version 2>/dev/null`/bin; N_NODE_PATH=`find /usr/local/n/versions/node/* -maxdepth 0 -type d 2>/dev/null | tail -1`/bin; XCODE_NODE_PATH=`xcode-select --print-path`/usr/share/xcs/Node/bin; PATH=$NODEJS_PATH:$NVM_NODE_PATH:$N_NODE_PATH:$XCODE_NODE_PATH:$PATH && node cordova/lib/copy-www-build-step.js";
			showEnvVarsInLog = 0;
		};
/* End PBXShellScriptBuildPhase section */

/* Begin PBXSourcesBuildPhase section */
		1D60588E0D05DD3D006BFB54 /* Sources */ = {
			isa = PBXSourcesBuildPhase;
			buildActionMask = 2147483647;
			files = (
				1D60589B0D05DD56006BFB54 /* main.m in Sources */,
				1D3623260D0F684500981E51 /* AppDelegate.m in Sources */,
				302D95F114D2391D003F00A1 /* MainViewController.m in Sources */,
				BA753CAFAB5C4AA4A678D169 /* CDVDevice.m in Sources */,
				B2C776B2D55D46DB8A107BDA /* CDVGlobalization.m in Sources */,
				8E88391E0689459EA205B26F /* CDVSplashScreen.m in Sources */,
				EE1666F5680B4B63850E205E /* CDVViewController+SplashScreen.m in Sources */,
				B25C2838566E4698BE8DF4B8 /* CDVStatusBar.m in Sources */,
				963907B427EB4BE4B3705980 /* CDVInAppBrowser.m in Sources */,
				1A6C5CAAA852451486CD7BA8 /* Toast+UIView.m in Sources */,
				BC432A05E8954795AE49E13B /* Toast.m in Sources */,
				6ED60811E61D42A8B0C11BDE /* CDVClipboard.m in Sources */,
				0E9CD97001B9411EA0FE83E1 /* NSString+SSURLEncoding.m in Sources */,
				4C31505EE8004A369491BCD8 /* SocialSharing.m in Sources */,
				ADAAA7EB1DF14F3B8739B2C5 /* CDVSpinnerDialog.m in Sources */,
				3B28BA5CA52A451C9DB2F220 /* CDVNotification.m in Sources */,
				D8CC84F704114C26B36E26A2 /* CDVConnection.m in Sources */,
				DAB8FE77764940BDB60AB57E /* CDVReachability.m in Sources */,
				E6600B23AD9A4EE5991FA637 /* UICKeyChainStore.m in Sources */,
				C8EAE2D4A6BE41C18D036CD3 /* CDVUniqueDeviceID.m in Sources */,
				EEE29CFE41E14490B1429889 /* CDVFile.m in Sources */,
				294B2441C1014B20BE8FC255 /* CDVLocalFilesystem.m in Sources */,
				85A86F62320B4ED6ADD7E540 /* CDVAssetLibraryFilesystem.m in Sources */,
				D7B8C31C560C43B7825C19D6 /* TouchID.m in Sources */,
				330F6B2282964FC19C5D7874 /* YoikScreenOrientation.m in Sources */,
				3EF36658617F4BE3A575BBF1 /* CDVViewController+UpdateSupportedOrientations.m in Sources */,
				1D02CA314BE4433285EB5B58 /* IonicKeyboard.m in Sources */,
				92AD155CAD53423FA6A8F224 /* QRScanner.swift in Sources */,
				DF4A99CEF21A4F04B0D9117A /* CDVWKWebViewEngine.m in Sources */,
				D158662B44464710A4FA0ECB /* CDVWKWebViewUIDelegate.m in Sources */,
				7A8BADF350AF4F6396A2F3CA /* CDVWKProcessPoolFactory.m in Sources */,
				FA6B829055FF4961BBA00311 /* GCDWebServer.m in Sources */,
				FAA790F66A8E4C088DE5FFA0 /* GCDWebServerConnection.m in Sources */,
				CE79795F1B9C4BA9B8B38BB2 /* GCDWebServerFunctions.m in Sources */,
				AC2943A37A884B7AA9419186 /* GCDWebServerRequest.m in Sources */,
				BF96FB28FF5B463391C33ABC /* GCDWebServerResponse.m in Sources */,
				3E84ECD6A40E42A5B8ECC029 /* GCDWebServerDataRequest.m in Sources */,
				1C86E1CB2B8C401CA83F1090 /* GCDWebServerFileRequest.m in Sources */,
				E5D0A980CD624C4CAC9F79A0 /* GCDWebServerMultiPartFormRequest.m in Sources */,
				BCB0E3F5FCA547D5A86E1DED /* GCDWebServerURLEncodedFormRequest.m in Sources */,
				BDAB249928A54EF3BF832D9E /* GCDWebServerDataResponse.m in Sources */,
				8C2B6804511A42EB88D84772 /* GCDWebServerErrorResponse.m in Sources */,
				4DCE521731714EB9ACD0B1FA /* GCDWebServerFileResponse.m in Sources */,
				E3AA762E28FD44E3BF2C308B /* GCDWebServerStreamedResponse.m in Sources */,
				5FF05D4C3775406B9DE14A14 /* FCMPlugin.m in Sources */,
				38F6E73393C2433BAA8EC2DC /* AppDelegate+FCMPlugin.m in Sources */,
			);
			runOnlyForDeploymentPostprocessing = 0;
		};
/* End PBXSourcesBuildPhase section */

/* Begin PBXTargetDependency section */
		301BF551109A68C00062928A /* PBXTargetDependency */ = {
			isa = PBXTargetDependency;
			name = CordovaLib;
			targetProxy = 301BF550109A68C00062928A /* PBXContainerItemProxy */;
		};
/* End PBXTargetDependency section */

/* Begin XCBuildConfiguration section */
		1D6058940D05DD3E006BFB54 /* Debug */ = {
			isa = XCBuildConfiguration;
			baseConfigurationReference = 3047A50F1AB8059700498E2A /* build-debug.xcconfig */;
			buildSettings = {
				ALWAYS_EMBED_SWIFT_STANDARD_LIBRARIES = YES;
				ALWAYS_SEARCH_USER_PATHS = NO;
				ASSETCATALOG_COMPILER_APPICON_NAME = AppIcon;
				ASSETCATALOG_COMPILER_LAUNCHIMAGE_NAME = LaunchImage;
				CLANG_ENABLE_MODULES = YES;
				CLANG_ENABLE_OBJC_ARC = YES;
				CODE_SIGN_ENTITLEMENTS = QYB/QYB.entitlements;
				COPY_PHASE_STRIP = NO;
				DEVELOPMENT_TEAM = S85C3R4P94;
				FRAMEWORK_SEARCH_PATHS = (
					"$(inherited)",
					"QYB/Plugins/cordova-plugin-fcm",
					"QYB/Plugins/cordova-plugin-fcm",
					"QYB/Plugins/cordova-plugin-fcm",
					"QYB/Plugins/cordova-plugin-fcm",
					"QYB/Plugins/cordova-plugin-fcm",
					"QYB/Plugins/cordova-plugin-fcm",
					"QYB/Plugins/cordova-plugin-fcm",
					"QYB/Plugins/cordova-plugin-fcm",
					"$(PROJECT_DIR)",
				);
				GCC_DYNAMIC_NO_PIC = NO;
				GCC_OPTIMIZATION_LEVEL = 0;
				GCC_PRECOMPILE_PREFIX_HEADER = YES;
				GCC_PREFIX_HEADER = "QYB/QYB-Prefix.pch";
				GCC_THUMB_SUPPORT = NO;
				GCC_VERSION = "";
				INFOPLIST_FILE = "QYB/QYB-Info.plist";
				IPHONEOS_DEPLOYMENT_TARGET = 9.0;
				LD_RUNPATH_SEARCH_PATHS = "@executable_path/Frameworks";
				PRODUCT_NAME = QYB;
				SWIFT_OBJC_BRIDGING_HEADER = "$(PROJECT_DIR)/$(PROJECT_NAME)/Bridging-Header.h";
				SWIFT_VERSION = 3.0;
				TARGETED_DEVICE_FAMILY = "1,2";
			};
			name = Debug;
		};
		1D6058950D05DD3E006BFB54 /* Release */ = {
			isa = XCBuildConfiguration;
			baseConfigurationReference = 3047A5101AB8059700498E2A /* build-release.xcconfig */;
			buildSettings = {
				ALWAYS_EMBED_SWIFT_STANDARD_LIBRARIES = YES;
				ALWAYS_SEARCH_USER_PATHS = NO;
				ASSETCATALOG_COMPILER_APPICON_NAME = AppIcon;
				ASSETCATALOG_COMPILER_LAUNCHIMAGE_NAME = LaunchImage;
				CLANG_ENABLE_MODULES = YES;
				CLANG_ENABLE_OBJC_ARC = YES;
				CODE_SIGN_ENTITLEMENTS = QYB/QYB.entitlements;
				COPY_PHASE_STRIP = YES;
				DEVELOPMENT_TEAM = S85C3R4P94;
				FRAMEWORK_SEARCH_PATHS = (
					"$(inherited)",
					"QYB/Plugins/cordova-plugin-fcm",
					"QYB/Plugins/cordova-plugin-fcm",
					"QYB/Plugins/cordova-plugin-fcm",
					"QYB/Plugins/cordova-plugin-fcm",
					"QYB/Plugins/cordova-plugin-fcm",
					"QYB/Plugins/cordova-plugin-fcm",
					"QYB/Plugins/cordova-plugin-fcm",
					"QYB/Plugins/cordova-plugin-fcm",
					"$(PROJECT_DIR)",
				);
				GCC_PRECOMPILE_PREFIX_HEADER = YES;
				GCC_PREFIX_HEADER = "QYB/QYB-Prefix.pch";
				GCC_THUMB_SUPPORT = NO;
				GCC_VERSION = "";
				INFOPLIST_FILE = "QYB/QYB-Info.plist";
				IPHONEOS_DEPLOYMENT_TARGET = 9.0;
				LD_RUNPATH_SEARCH_PATHS = "@executable_path/Frameworks";
				PRODUCT_NAME = QYB;
				SWIFT_OBJC_BRIDGING_HEADER = "$(PROJECT_DIR)/$(PROJECT_NAME)/Bridging-Header.h";
				SWIFT_VERSION = 3.0;
				TARGETED_DEVICE_FAMILY = "1,2";
			};
			name = Release;
		};
		C01FCF4F08A954540054247B /* Debug */ = {
			isa = XCBuildConfiguration;
			baseConfigurationReference = 3047A5111AB8059700498E2A /* build.xcconfig */;
			buildSettings = {
				ALWAYS_EMBED_SWIFT_STANDARD_LIBRARIES = YES;
				CLANG_ENABLE_MODULES = YES;
				CLANG_ENABLE_OBJC_ARC = YES;
				CLANG_WARN_BOOL_CONVERSION = YES;
				CLANG_WARN_CONSTANT_CONVERSION = YES;
				CLANG_WARN_EMPTY_BODY = YES;
				CLANG_WARN_ENUM_CONVERSION = YES;
				CLANG_WARN_INT_CONVERSION = YES;
				CLANG_WARN__DUPLICATE_METHOD_MATCH = YES;
				GCC_C_LANGUAGE_STANDARD = c99;
				GCC_THUMB_SUPPORT = NO;
				GCC_VERSION = "";
				GCC_WARN_ABOUT_RETURN_TYPE = YES;
				GCC_WARN_UNDECLARED_SELECTOR = YES;
				GCC_WARN_UNINITIALIZED_AUTOS = YES;
				GCC_WARN_UNUSED_FUNCTION = YES;
				GCC_WARN_UNUSED_VARIABLE = YES;
				ONLY_ACTIVE_ARCH = YES;
				SDKROOT = iphoneos;
				SKIP_INSTALL = NO;
				SWIFT_OBJC_BRIDGING_HEADER = "$(PROJECT_DIR)/$(PROJECT_NAME)/Bridging-Header.h";
				SWIFT_VERSION = 3.0;
			};
			name = Debug;
		};
		C01FCF5008A954540054247B /* Release */ = {
			isa = XCBuildConfiguration;
			baseConfigurationReference = 3047A5111AB8059700498E2A /* build.xcconfig */;
			buildSettings = {
				ALWAYS_EMBED_SWIFT_STANDARD_LIBRARIES = YES;
				CLANG_ENABLE_MODULES = YES;
				CLANG_ENABLE_OBJC_ARC = YES;
				CLANG_WARN_BOOL_CONVERSION = YES;
				CLANG_WARN_CONSTANT_CONVERSION = YES;
				CLANG_WARN_EMPTY_BODY = YES;
				CLANG_WARN_ENUM_CONVERSION = YES;
				CLANG_WARN_INT_CONVERSION = YES;
				CLANG_WARN__DUPLICATE_METHOD_MATCH = YES;
				GCC_C_LANGUAGE_STANDARD = c99;
				GCC_THUMB_SUPPORT = NO;
				GCC_VERSION = "";
				GCC_WARN_ABOUT_RETURN_TYPE = YES;
				GCC_WARN_UNDECLARED_SELECTOR = YES;
				GCC_WARN_UNINITIALIZED_AUTOS = YES;
				GCC_WARN_UNUSED_FUNCTION = YES;
				GCC_WARN_UNUSED_VARIABLE = YES;
				SDKROOT = iphoneos;
				SKIP_INSTALL = NO;
				SWIFT_OBJC_BRIDGING_HEADER = "$(PROJECT_DIR)/$(PROJECT_NAME)/Bridging-Header.h";
				SWIFT_VERSION = 3.0;
			};
			name = Release;
		};
/* End XCBuildConfiguration section */

/* Begin XCConfigurationList section */
		1D6058960D05DD3E006BFB54 /* Build configuration list for PBXNativeTarget "QYB" */ = {
			isa = XCConfigurationList;
			buildConfigurations = (
				1D6058940D05DD3E006BFB54 /* Debug */,
				1D6058950D05DD3E006BFB54 /* Release */,
			);
			defaultConfigurationIsVisible = 0;
			defaultConfigurationName = Release;
		};
		C01FCF4E08A954540054247B /* Build configuration list for PBXProject "QYB" */ = {
			isa = XCConfigurationList;
			buildConfigurations = (
				C01FCF4F08A954540054247B /* Debug */,
				C01FCF5008A954540054247B /* Release */,
			);
			defaultConfigurationIsVisible = 0;
			defaultConfigurationName = Release;
		};
/* End XCConfigurationList section */
	};
	rootObject = 29B97313FDCFA39411CA2CEA /* Project object */;
}
