// !$*UTF8*$!
{
	archiveVersion = 1;
	classes = {
	};
	objectVersion = 46;
	objects = {

/* Begin PBXBuildFile section */
		0207DA581B56EA530066E2B4 /* Images.xcassets in Resources */ = {isa = PBXBuildFile; fileRef = 0207DA571B56EA530066E2B4 /* Images.xcassets */; };
		08C549A966C042A3B4FFD17E /* MessageUI.framework in Frameworks */ = {isa = PBXBuildFile; fileRef = 875756A2765F462A8B3268F9 /* MessageUI.framework */; settings = {ATTRIBUTES = (Weak, ); }; };
		0E3004A613974E978628F3A0 /* GCDWebServerConnection.m in Sources */ = {isa = PBXBuildFile; fileRef = DCE4160C9246472C9315A005 /* GCDWebServerConnection.m */; };
		1098388F87BB4F7F820B2754 /* CDVClipboard.m in Sources */ = {isa = PBXBuildFile; fileRef = 5E0A8ACA785F4963877E54BB /* CDVClipboard.m */; };
		1346B83C750C470E8EEC84A3 /* QuartzCore.framework in Frameworks */ = {isa = PBXBuildFile; fileRef = F8D11F82C5AD450485E956AB /* QuartzCore.framework */; };
		1B417F621A644A6C9E5502D9 /* LocalAuthentication.framework in Frameworks */ = {isa = PBXBuildFile; fileRef = B31ED9ABC7EF439299F9492E /* LocalAuthentication.framework */; };
		1D3623260D0F684500981E51 /* AppDelegate.m in Sources */ = {isa = PBXBuildFile; fileRef = 1D3623250D0F684500981E51 /* AppDelegate.m */; };
		1D60589B0D05DD56006BFB54 /* main.m in Sources */ = {isa = PBXBuildFile; fileRef = 29B97316FDCFA39411CA2CEA /* main.m */; };
		1E5E2A75F33E4C2F95B8AE75 /* TouchID.m in Sources */ = {isa = PBXBuildFile; fileRef = 5F419D1EFA77469E90EA59C9 /* TouchID.m */; };
		1F2A64748D2540DEAE7C1A23 /* GCDWebServerURLEncodedFormRequest.m in Sources */ = {isa = PBXBuildFile; fileRef = 48A9539DFB33449A9DFA7394 /* GCDWebServerURLEncodedFormRequest.m */; };
		26D04B6AF2684AA2AD28091F /* CDVNotification.bundle in Resources */ = {isa = PBXBuildFile; fileRef = D4A6A1003ADE44018F34A9C4 /* CDVNotification.bundle */; };
		301BF552109A68D80062928A /* libCordova.a in Frameworks */ = {isa = PBXBuildFile; fileRef = 301BF535109A57CC0062928A /* libCordova.a */; };
		302D95F114D2391D003F00A1 /* MainViewController.m in Sources */ = {isa = PBXBuildFile; fileRef = 302D95EF14D2391D003F00A1 /* MainViewController.m */; };
		302D95F214D2391D003F00A1 /* MainViewController.xib in Resources */ = {isa = PBXBuildFile; fileRef = 302D95F014D2391D003F00A1 /* MainViewController.xib */; };
		36E84DB96EF147CDA38573B5 /* FirebaseCore.framework in Frameworks */ = {isa = PBXBuildFile; fileRef = 2EE3C80EF2944ED4A3BC4813 /* FirebaseCore.framework */; };
		3CBCB7AA05754C7195E98E4A /* CDVSpinnerDialog.m in Sources */ = {isa = PBXBuildFile; fileRef = 4E057A755FF1425A8423251E /* CDVSpinnerDialog.m */; };
		3E20531A94C54206BC04826A /* CDVConnection.m in Sources */ = {isa = PBXBuildFile; fileRef = 7C4639EFE26E4F6CABB64A6B /* CDVConnection.m */; };
		4261ABE6CF584828841640CA /* QRScanner.swift in Sources */ = {isa = PBXBuildFile; fileRef = 89138BB90A38471D8D9927D0 /* QRScanner.swift */; };
		42A468883B4347D28C7718A1 /* libsqlite3.0.tbd in Frameworks */ = {isa = PBXBuildFile; fileRef = AF748D1405FE488686AAD5E7 /* libsqlite3.0.tbd */; };
		457EFFC4D598439BB5D590A9 /* CDVWKWebViewEngine.m in Sources */ = {isa = PBXBuildFile; fileRef = 5AA84E5192794BCFAD6E7B55 /* CDVWKWebViewEngine.m */; };
		481EFB66E39D4B89B656B78D /* GCDWebServerDataResponse.m in Sources */ = {isa = PBXBuildFile; fileRef = 649B2850ECB441B094A1D8D6 /* GCDWebServerDataResponse.m */; };
		498503F4F8E7459B8F21EAEC /* CDVDevice.m in Sources */ = {isa = PBXBuildFile; fileRef = BA433B01FC6A4839A534ED59 /* CDVDevice.m */; };
		4CEA1ED667BB4DA6BD6E0B17 /* CDVLocalFilesystem.m in Sources */ = {isa = PBXBuildFile; fileRef = 7CD10B9FFB384F9689A605C2 /* CDVLocalFilesystem.m */; };
		4DEAA91982E343B0BF514CBB /* CDVNotification.m in Sources */ = {isa = PBXBuildFile; fileRef = E328FB04D93A41258E6369BD /* CDVNotification.m */; };
		57E65A4BF00545B3B27BBB59 /* GoogleService-Info.plist in Resources */ = {isa = PBXBuildFile; fileRef = 74617DAFCA264E89AA03C7BC /* GoogleService-Info.plist */; };
		60D8057D35104645ACC17881 /* GCDWebServerErrorResponse.m in Sources */ = {isa = PBXBuildFile; fileRef = 0238D0B777AC4BA29BDCE849 /* GCDWebServerErrorResponse.m */; };
		616F4FE8010D4A109B7C4802 /* CDVGlobalization.m in Sources */ = {isa = PBXBuildFile; fileRef = 6B476FCCEEBB46A7A668D7FB /* CDVGlobalization.m */; };
		61B5E3ADF4E943B199CBFD0C /* GCDWebServerMultiPartFormRequest.m in Sources */ = {isa = PBXBuildFile; fileRef = 705155A648A249498CE8BBD6 /* GCDWebServerMultiPartFormRequest.m */; };
		61D8E65FA0D84E929AF3604F /* CDVInAppBrowser.m in Sources */ = {isa = PBXBuildFile; fileRef = 1C4C86955A034564BABEFC82 /* CDVInAppBrowser.m */; };
		64322BB5902C44878689CFBD /* CDVSplashScreen.m in Sources */ = {isa = PBXBuildFile; fileRef = CBD4C24E6AB1458D9CA2452D /* CDVSplashScreen.m */; };
		65481A3833DC46549D208467 /* libz.tbd in Frameworks */ = {isa = PBXBuildFile; fileRef = 1282DBE506624D11BC0B0743 /* libz.tbd */; };
		658132BEDE3F4661B626B3FE /* SystemConfiguration.framework in Frameworks */ = {isa = PBXBuildFile; fileRef = 124A8A1F45BE4802961CFCA9 /* SystemConfiguration.framework */; settings = {ATTRIBUTES = (Weak, ); }; };
		6AFF5BF91D6E424B00AB3073 /* CDVLaunchScreen.storyboard in Resources */ = {isa = PBXBuildFile; fileRef = 6AFF5BF81D6E424B00AB3073 /* CDVLaunchScreen.storyboard */; };
		6F7886F855F64818BEF08960 /* GCDWebServerFunctions.m in Sources */ = {isa = PBXBuildFile; fileRef = 28755DD19EC242149CA09171 /* GCDWebServerFunctions.m */; };
		72734DFF65DB4036992ACD5C /* GoogleUtilities.framework in Frameworks */ = {isa = PBXBuildFile; fileRef = 67B707DD730043ACBBB17C6C /* GoogleUtilities.framework */; };
		729F9312CF274472BCF9E8DD /* SocialSharing.m in Sources */ = {isa = PBXBuildFile; fileRef = ACFB7F2D21DB4A8B8D27389E /* SocialSharing.m */; };
		736AB0FF8B75411FBB772B54 /* Toast.m in Sources */ = {isa = PBXBuildFile; fileRef = 17CA80EE1C314E3DB41F2FD1 /* Toast.m */; };
		75A672CCB89141ADA1790FF0 /* GCDWebServer.m in Sources */ = {isa = PBXBuildFile; fileRef = E9AB005EF43648C8A15A8E95 /* GCDWebServer.m */; };
		762F1699E30F43A89F244D94 /* AddressBook.framework in Frameworks */ = {isa = PBXBuildFile; fileRef = 80E024BD5BB343FEA299C0EC /* AddressBook.framework */; };
		8006CE26268B42DB93D6257D /* NSString+SSURLEncoding.m in Sources */ = {isa = PBXBuildFile; fileRef = 63586265E22649B485D17C40 /* NSString+SSURLEncoding.m */; };
		863011D88BD34C3DB89912EB /* GCDWebServerFileRequest.m in Sources */ = {isa = PBXBuildFile; fileRef = 79EA19693DF24469BCCDFAFD /* GCDWebServerFileRequest.m */; };
		912606F864004AAE81F7B9CD /* FirebaseAnalytics.framework in Frameworks */ = {isa = PBXBuildFile; fileRef = 306328E2AD0748E3943D174C /* FirebaseAnalytics.framework */; };
		91E8C2196AB14417995479C1 /* GCDWebServerDataRequest.m in Sources */ = {isa = PBXBuildFile; fileRef = 3F58526A7EF349E5974F531D /* GCDWebServerDataRequest.m */; };
		948A682953834C1899399D27 /* GoogleInterchangeUtilities.framework in Frameworks */ = {isa = PBXBuildFile; fileRef = 3B51F21FC8224A4A8AACB978 /* GoogleInterchangeUtilities.framework */; };
		9D6A6FC9A39248DDB85AFBC5 /* FCMPlugin.m in Sources */ = {isa = PBXBuildFile; fileRef = 124BA1ADE12B4CC79F92A830 /* FCMPlugin.m */; };
		9F1ACD93C4234AE6BC93533E /* Toast+UIView.m in Sources */ = {isa = PBXBuildFile; fileRef = D4EF6EB20A384953885A257F /* Toast+UIView.m */; };
		A3B7B7234CEC48ACB0E4349E /* CDVViewController+SplashScreen.m in Sources */ = {isa = PBXBuildFile; fileRef = FB06E9F3044C496D8793BD90 /* CDVViewController+SplashScreen.m */; };
		A521E4E06ABE4C18ADA30293 /* CDVWKWebViewUIDelegate.m in Sources */ = {isa = PBXBuildFile; fileRef = E0C47761C96E4FD4B9752307 /* CDVWKWebViewUIDelegate.m */; };
		B01948659AFB4407BEF3D47A /* FirebaseMessaging.framework in Frameworks */ = {isa = PBXBuildFile; fileRef = 21500DBE76D64D838914A4F3 /* FirebaseMessaging.framework */; };
		B4AF7C964928440AAAEE717B /* GCDWebServerFileResponse.m in Sources */ = {isa = PBXBuildFile; fileRef = 85E0CB4872354C108633614A /* GCDWebServerFileResponse.m */; };
		BA5FFAB0D47148568F3AAD9E /* AudioToolbox.framework in Frameworks */ = {isa = PBXBuildFile; fileRef = A58262E092A54AF38F2F19F5 /* AudioToolbox.framework */; settings = {ATTRIBUTES = (Weak, ); }; };
		BBEF6DB88A854A6CAEBCD2AA /* CDVViewController+UpdateSupportedOrientations.m in Sources */ = {isa = PBXBuildFile; fileRef = 150242BBC6AF47C2A1F110B4 /* CDVViewController+UpdateSupportedOrientations.m */; };
		C07200CC7FF248EC9B9B35D3 /* GoogleIPhoneUtilities.framework in Frameworks */ = {isa = PBXBuildFile; fileRef = 83BFAC69C23C4A61B88B9ECF /* GoogleIPhoneUtilities.framework */; };
		C41F255A399C498BB0B7E1B1 /* libc++.tbd in Frameworks */ = {isa = PBXBuildFile; fileRef = 9E542335C6854FC492CBC03C /* libc++.tbd */; };
		C714077543FA44D4BB310676 /* CDVStatusBar.m in Sources */ = {isa = PBXBuildFile; fileRef = 85E282FA940544BB848EC392 /* CDVStatusBar.m */; };
		C772BDFDD0D14119922D3D73 /* CoreTelephony.framework in Frameworks */ = {isa = PBXBuildFile; fileRef = CBB4348508F048B68EA2F270 /* CoreTelephony.framework */; };
		D12C12B1F57F465F9BF79796 /* CDVAssetLibraryFilesystem.m in Sources */ = {isa = PBXBuildFile; fileRef = F415FFAC2066457BB0AA0897 /* CDVAssetLibraryFilesystem.m */; };
		D7749E4C17734D219B75579D /* FirebaseInstanceID.framework in Frameworks */ = {isa = PBXBuildFile; fileRef = 4FD0A6F290994F97862A19BE /* FirebaseInstanceID.framework */; };
		D9741D15EB294140B39C96C8 /* CDVUniqueDeviceID.m in Sources */ = {isa = PBXBuildFile; fileRef = 11925813A94D4BF2B58977C9 /* CDVUniqueDeviceID.m */; };
		DAC20675744F4C59B0EFA841 /* AppDelegate+FCMPlugin.m in Sources */ = {isa = PBXBuildFile; fileRef = ECE15C81D2A048E39D6D601E /* AppDelegate+FCMPlugin.m */; };
		DECC2D05A1AD4916BAE6A0A8 /* UICKeyChainStore.m in Sources */ = {isa = PBXBuildFile; fileRef = 7A89194889A84ED185B57D6A /* UICKeyChainStore.m */; };
		E197038F20187B7800BE5827 /* BuglyHotfix.framework in Frameworks */ = {isa = PBXBuildFile; fileRef = E197038E20187B7800BE5827 /* BuglyHotfix.framework */; };
		E197039520187DD900BE5827 /* JPEngine.m in Sources */ = {isa = PBXBuildFile; fileRef = E197039320187DD900BE5827 /* JPEngine.m */; };
		E197039620187DD900BE5827 /* JSPatch.js in Resources */ = {isa = PBXBuildFile; fileRef = E197039420187DD900BE5827 /* JSPatch.js */; };
		E6EDB3B00BE94F328C978873 /* GCDWebServerRequest.m in Sources */ = {isa = PBXBuildFile; fileRef = A9B4BC8108AA48CC9F2D6AEB /* GCDWebServerRequest.m */; };
		E9B1AB4F99614D2DAB9F2CC5 /* CDVWKProcessPoolFactory.m in Sources */ = {isa = PBXBuildFile; fileRef = 65258B28423B473D997B884F /* CDVWKProcessPoolFactory.m */; };
		EA770C267CDB43DFA3811E3D /* GCDWebServerStreamedResponse.m in Sources */ = {isa = PBXBuildFile; fileRef = DD84E10179684D9788DE5C3F /* GCDWebServerStreamedResponse.m */; };
		EB81D53F5DD349A0B0B9ED90 /* YoikScreenOrientation.m in Sources */ = {isa = PBXBuildFile; fileRef = 387C3E8BAAF74FC39B45ADE7 /* YoikScreenOrientation.m */; };
		EC49C1A360214456AF1F8C0F /* IonicKeyboard.m in Sources */ = {isa = PBXBuildFile; fileRef = 1491E972841245BEBF4D26C8 /* IonicKeyboard.m */; };
		EE08EF1948B04D07947790AF /* GoogleSymbolUtilities.framework in Frameworks */ = {isa = PBXBuildFile; fileRef = 7F2F0FD0371F4E67B9A6CC97 /* GoogleSymbolUtilities.framework */; };
		EE9C3B5EAE874713B8C51000 /* GCDWebServerResponse.m in Sources */ = {isa = PBXBuildFile; fileRef = CA6516F38482418A8AE42BF9 /* GCDWebServerResponse.m */; };
		EEF970D816E445D5A1772FF5 /* CDVReachability.m in Sources */ = {isa = PBXBuildFile; fileRef = 3B961D9458084973A61B8462 /* CDVReachability.m */; };
		F70943A5E1B2431FB6E87F28 /* Social.framework in Frameworks */ = {isa = PBXBuildFile; fileRef = 5AE478CA0E2C4FB8B995F870 /* Social.framework */; settings = {ATTRIBUTES = (Weak, ); }; };
		F84CB97E09964527A610DFDD /* WebKit.framework in Frameworks */ = {isa = PBXBuildFile; fileRef = 20261162426543C78F30AB84 /* WebKit.framework */; settings = {ATTRIBUTES = (Weak, ); }; };
		FABADB14386C4E868D88984D /* CDVFile.m in Sources */ = {isa = PBXBuildFile; fileRef = E93CAE0B82E148359A4FFBE4 /* CDVFile.m */; };
		FBAAAC9E5F1C4ABBA2AC7ECB /* Security.framework in Frameworks */ = {isa = PBXBuildFile; fileRef = 9A78E3B5A0634710BF0AB3E0 /* Security.framework */; };
/* End PBXBuildFile section */

/* Begin PBXContainerItemProxy section */
		301BF534109A57CC0062928A /* PBXContainerItemProxy */ = {
			isa = PBXContainerItemProxy;
			containerPortal = 301BF52D109A57CC0062928A /* CordovaLib.xcodeproj */;
			proxyType = 2;
			remoteGlobalIDString = D2AAC07E0554694100DB518D;
			remoteInfo = CordovaLib;
		};
		301BF550109A68C00062928A /* PBXContainerItemProxy */ = {
			isa = PBXContainerItemProxy;
			containerPortal = 301BF52D109A57CC0062928A /* CordovaLib.xcodeproj */;
			proxyType = 1;
			remoteGlobalIDString = D2AAC07D0554694100DB518D;
			remoteInfo = CordovaLib;
		};
		E19703892018733E00BE5827 /* PBXContainerItemProxy */ = {
			isa = PBXContainerItemProxy;
			containerPortal = 301BF52D109A57CC0062928A /* CordovaLib.xcodeproj */;
			proxyType = 2;
			remoteGlobalIDString = C0C01EB21E3911D50056E6CB;
			remoteInfo = Cordova;
		};
/* End PBXContainerItemProxy section */

/* Begin PBXFileReference section */
		0207DA571B56EA530066E2B4 /* Images.xcassets */ = {isa = PBXFileReference; lastKnownFileType = folder.assetcatalog; name = Images.xcassets; path = QYB/Images.xcassets; sourceTree = SOURCE_ROOT; };
		0238D0B777AC4BA29BDCE849 /* GCDWebServerErrorResponse.m */ = {isa = PBXFileReference; explicitFileType = undefined; fileEncoding = 4; includeInIndex = 0; lastKnownFileType = sourcecode.c.objc; name = GCDWebServerErrorResponse.m; path = "cordova-plugin-ionic-webview/GCDWebServerErrorResponse.m"; sourceTree = "<group>"; };
		0767BCF63C314433B8B091A0 /* GCDWebServerPrivate.h */ = {isa = PBXFileReference; explicitFileType = undefined; fileEncoding = 4; includeInIndex = 0; lastKnownFileType = sourcecode.c.h; name = GCDWebServerPrivate.h; path = "cordova-plugin-ionic-webview/GCDWebServerPrivate.h"; sourceTree = "<group>"; };
		087A780A170D45A19373A5F5 /* CDVStatusBar.h */ = {isa = PBXFileReference; explicitFileType = undefined; fileEncoding = 4; includeInIndex = 0; lastKnownFileType = sourcecode.c.h; name = CDVStatusBar.h; path = "cordova-plugin-statusbar/CDVStatusBar.h"; sourceTree = "<group>"; };
		0ACE70D22A8144FBB02BB1EC /* CDVNotification.h */ = {isa = PBXFileReference; explicitFileType = undefined; fileEncoding = 4; includeInIndex = 0; lastKnownFileType = sourcecode.c.h; name = CDVNotification.h; path = "cordova-plugin-dialogs/CDVNotification.h"; sourceTree = "<group>"; };
		110FE620B7934A56AE387CA3 /* SocialSharing.h */ = {isa = PBXFileReference; explicitFileType = undefined; fileEncoding = 4; includeInIndex = 0; lastKnownFileType = sourcecode.c.h; name = SocialSharing.h; path = "cordova-plugin-x-socialsharing/SocialSharing.h"; sourceTree = "<group>"; };
		11925813A94D4BF2B58977C9 /* CDVUniqueDeviceID.m */ = {isa = PBXFileReference; explicitFileType = undefined; fileEncoding = 4; includeInIndex = 0; lastKnownFileType = sourcecode.c.objc; name = CDVUniqueDeviceID.m; path = "cordova-plugin-uniquedeviceid/CDVUniqueDeviceID.m"; sourceTree = "<group>"; };
		124A8A1F45BE4802961CFCA9 /* SystemConfiguration.framework */ = {isa = PBXFileReference; explicitFileType = undefined; fileEncoding = 9; includeInIndex = 0; lastKnownFileType = wrapper.framework; name = SystemConfiguration.framework; path = System/Library/Frameworks/SystemConfiguration.framework; sourceTree = SDKROOT; };
		124BA1ADE12B4CC79F92A830 /* FCMPlugin.m */ = {isa = PBXFileReference; explicitFileType = undefined; fileEncoding = 4; includeInIndex = 0; lastKnownFileType = sourcecode.c.objc; name = FCMPlugin.m; path = "cordova-plugin-fcm/FCMPlugin.m"; sourceTree = "<group>"; };
		1282DBE506624D11BC0B0743 /* libz.tbd */ = {isa = PBXFileReference; explicitFileType = undefined; fileEncoding = 9; includeInIndex = 0; lastKnownFileType = "sourcecode.text-based-dylib-definition"; name = libz.tbd; path = usr/lib/libz.tbd; sourceTree = SDKROOT; };
		1491E972841245BEBF4D26C8 /* IonicKeyboard.m */ = {isa = PBXFileReference; explicitFileType = undefined; fileEncoding = 4; includeInIndex = 0; lastKnownFileType = sourcecode.c.objc; name = IonicKeyboard.m; path = "ionic-plugin-keyboard/IonicKeyboard.m"; sourceTree = "<group>"; };
		150242BBC6AF47C2A1F110B4 /* CDVViewController+UpdateSupportedOrientations.m */ = {isa = PBXFileReference; explicitFileType = undefined; fileEncoding = 4; includeInIndex = 0; lastKnownFileType = sourcecode.c.objc; name = "CDVViewController+UpdateSupportedOrientations.m"; path = "cordova-plugin-screen-orientation/CDVViewController+UpdateSupportedOrientations.m"; sourceTree = "<group>"; };
		16FE23671F8B4D5A8DD700BC /* CDVViewController+UpdateSupportedOrientations.h */ = {isa = PBXFileReference; explicitFileType = undefined; fileEncoding = 4; includeInIndex = 0; lastKnownFileType = sourcecode.c.h; name = "CDVViewController+UpdateSupportedOrientations.h"; path = "cordova-plugin-screen-orientation/CDVViewController+UpdateSupportedOrientations.h"; sourceTree = "<group>"; };
		17CA80EE1C314E3DB41F2FD1 /* Toast.m */ = {isa = PBXFileReference; explicitFileType = undefined; fileEncoding = 4; includeInIndex = 0; lastKnownFileType = sourcecode.c.objc; name = Toast.m; path = "cordova-plugin-x-toast/Toast.m"; sourceTree = "<group>"; };
		1B54DE41F360402096E23645 /* CDVWKProcessPoolFactory.h */ = {isa = PBXFileReference; explicitFileType = undefined; fileEncoding = 4; includeInIndex = 0; lastKnownFileType = sourcecode.c.h; name = CDVWKProcessPoolFactory.h; path = "cordova-plugin-ionic-webview/CDVWKProcessPoolFactory.h"; sourceTree = "<group>"; };
		1C4C86955A034564BABEFC82 /* CDVInAppBrowser.m */ = {isa = PBXFileReference; explicitFileType = undefined; fileEncoding = 4; includeInIndex = 0; lastKnownFileType = sourcecode.c.objc; name = CDVInAppBrowser.m; path = "cordova-plugin-inappbrowser/CDVInAppBrowser.m"; sourceTree = "<group>"; };
		1D3623240D0F684500981E51 /* AppDelegate.h */ = {isa = PBXFileReference; fileEncoding = 4; lastKnownFileType = sourcecode.c.h; path = AppDelegate.h; sourceTree = "<group>"; };
		1D3623250D0F684500981E51 /* AppDelegate.m */ = {isa = PBXFileReference; fileEncoding = 4; lastKnownFileType = sourcecode.c.objc; path = AppDelegate.m; sourceTree = "<group>"; };
		1D6058910D05DD3D006BFB54 /* QYB.app */ = {isa = PBXFileReference; explicitFileType = wrapper.application; includeInIndex = 0; path = QYB.app; sourceTree = BUILT_PRODUCTS_DIR; };
		1FC9F13B528F4847AEDBF79D /* FCMPlugin.h */ = {isa = PBXFileReference; explicitFileType = undefined; fileEncoding = 4; includeInIndex = 0; lastKnownFileType = sourcecode.c.h; name = FCMPlugin.h; path = "cordova-plugin-fcm/FCMPlugin.h"; sourceTree = "<group>"; };
		20261162426543C78F30AB84 /* WebKit.framework */ = {isa = PBXFileReference; explicitFileType = undefined; fileEncoding = 9; includeInIndex = 0; lastKnownFileType = wrapper.framework; name = WebKit.framework; path = System/Library/Frameworks/WebKit.framework; sourceTree = SDKROOT; };
		21500DBE76D64D838914A4F3 /* FirebaseMessaging.framework */ = {isa = PBXFileReference; explicitFileType = undefined; fileEncoding = 9; includeInIndex = 0; lastKnownFileType = wrapper.framework; name = FirebaseMessaging.framework; path = "QYB/Plugins/cordova-plugin-fcm/FirebaseMessaging.framework"; sourceTree = "<group>"; };
		26C0EA7D2B25448C9B4E03A0 /* GCDWebServerMultiPartFormRequest.h */ = {isa = PBXFileReference; explicitFileType = undefined; fileEncoding = 4; includeInIndex = 0; lastKnownFileType = sourcecode.c.h; name = GCDWebServerMultiPartFormRequest.h; path = "cordova-plugin-ionic-webview/GCDWebServerMultiPartFormRequest.h"; sourceTree = "<group>"; };
		28755DD19EC242149CA09171 /* GCDWebServerFunctions.m */ = {isa = PBXFileReference; explicitFileType = undefined; fileEncoding = 4; includeInIndex = 0; lastKnownFileType = sourcecode.c.objc; name = GCDWebServerFunctions.m; path = "cordova-plugin-ionic-webview/GCDWebServerFunctions.m"; sourceTree = "<group>"; };
		29220B19371147E0926FA553 /* CDVViewController+SplashScreen.h */ = {isa = PBXFileReference; explicitFileType = undefined; fileEncoding = 4; includeInIndex = 0; lastKnownFileType = sourcecode.c.h; name = "CDVViewController+SplashScreen.h"; path = "cordova-plugin-splashscreen/CDVViewController+SplashScreen.h"; sourceTree = "<group>"; };
		29B97316FDCFA39411CA2CEA /* main.m */ = {isa = PBXFileReference; fileEncoding = 4; lastKnownFileType = sourcecode.c.objc; path = main.m; sourceTree = "<group>"; };
		2EE3C80EF2944ED4A3BC4813 /* FirebaseCore.framework */ = {isa = PBXFileReference; explicitFileType = undefined; fileEncoding = 9; includeInIndex = 0; lastKnownFileType = wrapper.framework; name = FirebaseCore.framework; path = "QYB/Plugins/cordova-plugin-fcm/FirebaseCore.framework"; sourceTree = "<group>"; };
		301BF52D109A57CC0062928A /* CordovaLib.xcodeproj */ = {isa = PBXFileReference; lastKnownFileType = "wrapper.pb-project"; name = CordovaLib.xcodeproj; path = CordovaLib/CordovaLib.xcodeproj; sourceTree = "<group>"; };
		301BF56E109A69640062928A /* www */ = {isa = PBXFileReference; lastKnownFileType = folder; path = www; sourceTree = SOURCE_ROOT; };
		302D95EE14D2391D003F00A1 /* MainViewController.h */ = {isa = PBXFileReference; fileEncoding = 4; lastKnownFileType = sourcecode.c.h; path = MainViewController.h; sourceTree = "<group>"; };
		302D95EF14D2391D003F00A1 /* MainViewController.m */ = {isa = PBXFileReference; fileEncoding = 4; lastKnownFileType = sourcecode.c.objc; path = MainViewController.m; sourceTree = "<group>"; };
		302D95F014D2391D003F00A1 /* MainViewController.xib */ = {isa = PBXFileReference; fileEncoding = 4; lastKnownFileType = file.xib; path = MainViewController.xib; sourceTree = "<group>"; };
		3047A50F1AB8059700498E2A /* build-debug.xcconfig */ = {isa = PBXFileReference; fileEncoding = 4; lastKnownFileType = text.xcconfig; name = "build-debug.xcconfig"; path = "cordova/build-debug.xcconfig"; sourceTree = SOURCE_ROOT; };
		3047A5101AB8059700498E2A /* build-release.xcconfig */ = {isa = PBXFileReference; fileEncoding = 4; lastKnownFileType = text.xcconfig; name = "build-release.xcconfig"; path = "cordova/build-release.xcconfig"; sourceTree = SOURCE_ROOT; };
		3047A5111AB8059700498E2A /* build.xcconfig */ = {isa = PBXFileReference; fileEncoding = 4; lastKnownFileType = text.xcconfig; name = build.xcconfig; path = cordova/build.xcconfig; sourceTree = SOURCE_ROOT; };
		306328E2AD0748E3943D174C /* FirebaseAnalytics.framework */ = {isa = PBXFileReference; explicitFileType = undefined; fileEncoding = 9; includeInIndex = 0; lastKnownFileType = wrapper.framework; name = FirebaseAnalytics.framework; path = "QYB/Plugins/cordova-plugin-fcm/FirebaseAnalytics.framework"; sourceTree = "<group>"; };
		32CA4F630368D1EE00C91783 /* QYB-Prefix.pch */ = {isa = PBXFileReference; fileEncoding = 4; lastKnownFileType = sourcecode.c.h; path = "QYB-Prefix.pch"; sourceTree = "<group>"; };
		37B477ACE88F42158D128AB8 /* Firebase.h */ = {isa = PBXFileReference; explicitFileType = undefined; fileEncoding = 4; includeInIndex = 0; lastKnownFileType = sourcecode.c.h; name = Firebase.h; path = "cordova-plugin-fcm/Firebase.h"; sourceTree = "<group>"; };
		387C3E8BAAF74FC39B45ADE7 /* YoikScreenOrientation.m */ = {isa = PBXFileReference; explicitFileType = undefined; fileEncoding = 4; includeInIndex = 0; lastKnownFileType = sourcecode.c.objc; name = YoikScreenOrientation.m; path = "cordova-plugin-screen-orientation/YoikScreenOrientation.m"; sourceTree = "<group>"; };
		3B51F21FC8224A4A8AACB978 /* GoogleInterchangeUtilities.framework */ = {isa = PBXFileReference; explicitFileType = undefined; fileEncoding = 9; includeInIndex = 0; lastKnownFileType = wrapper.framework; name = GoogleInterchangeUtilities.framework; path = "QYB/Plugins/cordova-plugin-fcm/GoogleInterchangeUtilities.framework"; sourceTree = "<group>"; };
		3B961D9458084973A61B8462 /* CDVReachability.m */ = {isa = PBXFileReference; explicitFileType = undefined; fileEncoding = 4; includeInIndex = 0; lastKnownFileType = sourcecode.c.objc; name = CDVReachability.m; path = "cordova-plugin-network-information/CDVReachability.m"; sourceTree = "<group>"; };
		3F58526A7EF349E5974F531D /* GCDWebServerDataRequest.m */ = {isa = PBXFileReference; explicitFileType = undefined; fileEncoding = 4; includeInIndex = 0; lastKnownFileType = sourcecode.c.objc; name = GCDWebServerDataRequest.m; path = "cordova-plugin-ionic-webview/GCDWebServerDataRequest.m"; sourceTree = "<group>"; };
		40040195084F4684AAA8BE22 /* GCDWebServerURLEncodedFormRequest.h */ = {isa = PBXFileReference; explicitFileType = undefined; fileEncoding = 4; includeInIndex = 0; lastKnownFileType = sourcecode.c.h; name = GCDWebServerURLEncodedFormRequest.h; path = "cordova-plugin-ionic-webview/GCDWebServerURLEncodedFormRequest.h"; sourceTree = "<group>"; };
		444AA65DC5224C5587956E91 /* CDVFile.h */ = {isa = PBXFileReference; explicitFileType = undefined; fileEncoding = 4; includeInIndex = 0; lastKnownFileType = sourcecode.c.h; name = CDVFile.h; path = "cordova-plugin-file/CDVFile.h"; sourceTree = "<group>"; };
		48A9539DFB33449A9DFA7394 /* GCDWebServerURLEncodedFormRequest.m */ = {isa = PBXFileReference; explicitFileType = undefined; fileEncoding = 4; includeInIndex = 0; lastKnownFileType = sourcecode.c.objc; name = GCDWebServerURLEncodedFormRequest.m; path = "cordova-plugin-ionic-webview/GCDWebServerURLEncodedFormRequest.m"; sourceTree = "<group>"; };
		4AF230799E704689BACD6611 /* CDVLocalFilesystem.h */ = {isa = PBXFileReference; explicitFileType = undefined; fileEncoding = 4; includeInIndex = 0; lastKnownFileType = sourcecode.c.h; name = CDVLocalFilesystem.h; path = "cordova-plugin-file/CDVLocalFilesystem.h"; sourceTree = "<group>"; };
		4D2092C0AFA545DDBE17DB3A /* CDVDevice.h */ = {isa = PBXFileReference; explicitFileType = undefined; fileEncoding = 4; includeInIndex = 0; lastKnownFileType = sourcecode.c.h; name = CDVDevice.h; path = "cordova-plugin-device/CDVDevice.h"; sourceTree = "<group>"; };
		4E057A755FF1425A8423251E /* CDVSpinnerDialog.m */ = {isa = PBXFileReference; explicitFileType = undefined; fileEncoding = 4; includeInIndex = 0; lastKnownFileType = sourcecode.c.objc; name = CDVSpinnerDialog.m; path = "cordova-plugin-spinner-dialog/CDVSpinnerDialog.m"; sourceTree = "<group>"; };
		4FD0A6F290994F97862A19BE /* FirebaseInstanceID.framework */ = {isa = PBXFileReference; explicitFileType = undefined; fileEncoding = 9; includeInIndex = 0; lastKnownFileType = wrapper.framework; name = FirebaseInstanceID.framework; path = "QYB/Plugins/cordova-plugin-fcm/FirebaseInstanceID.framework"; sourceTree = "<group>"; };
		56B02D45B0EC4ABEA77E9F3E /* GCDWebServerErrorResponse.h */ = {isa = PBXFileReference; explicitFileType = undefined; fileEncoding = 4; includeInIndex = 0; lastKnownFileType = sourcecode.c.h; name = GCDWebServerErrorResponse.h; path = "cordova-plugin-ionic-webview/GCDWebServerErrorResponse.h"; sourceTree = "<group>"; };
		5AA84E5192794BCFAD6E7B55 /* CDVWKWebViewEngine.m */ = {isa = PBXFileReference; explicitFileType = undefined; fileEncoding = 4; includeInIndex = 0; lastKnownFileType = sourcecode.c.objc; name = CDVWKWebViewEngine.m; path = "cordova-plugin-ionic-webview/CDVWKWebViewEngine.m"; sourceTree = "<group>"; };
		5AE478CA0E2C4FB8B995F870 /* Social.framework */ = {isa = PBXFileReference; explicitFileType = undefined; fileEncoding = 9; includeInIndex = 0; lastKnownFileType = wrapper.framework; name = Social.framework; path = System/Library/Frameworks/Social.framework; sourceTree = SDKROOT; };
		5B30F9C827DF4947976B3FE2 /* GCDWebServer.h */ = {isa = PBXFileReference; explicitFileType = undefined; fileEncoding = 4; includeInIndex = 0; lastKnownFileType = sourcecode.c.h; name = GCDWebServer.h; path = "cordova-plugin-ionic-webview/GCDWebServer.h"; sourceTree = "<group>"; };
		5E0A8ACA785F4963877E54BB /* CDVClipboard.m */ = {isa = PBXFileReference; explicitFileType = undefined; fileEncoding = 4; includeInIndex = 0; lastKnownFileType = sourcecode.c.objc; name = CDVClipboard.m; path = "cordova-clipboard/CDVClipboard.m"; sourceTree = "<group>"; };
		5F419D1EFA77469E90EA59C9 /* TouchID.m */ = {isa = PBXFileReference; explicitFileType = undefined; fileEncoding = 4; includeInIndex = 0; lastKnownFileType = sourcecode.c.objc; name = TouchID.m; path = "cordova-plugin-touch-id/TouchID.m"; sourceTree = "<group>"; };
		61264473153E4E099236EECD /* NSString+SSURLEncoding.h */ = {isa = PBXFileReference; explicitFileType = undefined; fileEncoding = 4; includeInIndex = 0; lastKnownFileType = sourcecode.c.h; name = "NSString+SSURLEncoding.h"; path = "cordova-plugin-x-socialsharing/NSString+SSURLEncoding.h"; sourceTree = "<group>"; };
		63586265E22649B485D17C40 /* NSString+SSURLEncoding.m */ = {isa = PBXFileReference; explicitFileType = undefined; fileEncoding = 4; includeInIndex = 0; lastKnownFileType = sourcecode.c.objc; name = "NSString+SSURLEncoding.m"; path = "cordova-plugin-x-socialsharing/NSString+SSURLEncoding.m"; sourceTree = "<group>"; };
		649B2850ECB441B094A1D8D6 /* GCDWebServerDataResponse.m */ = {isa = PBXFileReference; explicitFileType = undefined; fileEncoding = 4; includeInIndex = 0; lastKnownFileType = sourcecode.c.objc; name = GCDWebServerDataResponse.m; path = "cordova-plugin-ionic-webview/GCDWebServerDataResponse.m"; sourceTree = "<group>"; };
		65258B28423B473D997B884F /* CDVWKProcessPoolFactory.m */ = {isa = PBXFileReference; explicitFileType = undefined; fileEncoding = 4; includeInIndex = 0; lastKnownFileType = sourcecode.c.objc; name = CDVWKProcessPoolFactory.m; path = "cordova-plugin-ionic-webview/CDVWKProcessPoolFactory.m"; sourceTree = "<group>"; };
		67B707DD730043ACBBB17C6C /* GoogleUtilities.framework */ = {isa = PBXFileReference; explicitFileType = undefined; fileEncoding = 9; includeInIndex = 0; lastKnownFileType = wrapper.framework; name = GoogleUtilities.framework; path = "QYB/Plugins/cordova-plugin-fcm/GoogleUtilities.framework"; sourceTree = "<group>"; };
		6991EB0A8A054204AA84B5E9 /* GCDWebServerFileRequest.h */ = {isa = PBXFileReference; explicitFileType = undefined; fileEncoding = 4; includeInIndex = 0; lastKnownFileType = sourcecode.c.h; name = GCDWebServerFileRequest.h; path = "cordova-plugin-ionic-webview/GCDWebServerFileRequest.h"; sourceTree = "<group>"; };
		6AFF5BF81D6E424B00AB3073 /* CDVLaunchScreen.storyboard */ = {isa = PBXFileReference; fileEncoding = 4; lastKnownFileType = file.storyboard; name = CDVLaunchScreen.storyboard; path = QYB/CDVLaunchScreen.storyboard; sourceTree = SOURCE_ROOT; };
		6B476FCCEEBB46A7A668D7FB /* CDVGlobalization.m */ = {isa = PBXFileReference; explicitFileType = undefined; fileEncoding = 4; includeInIndex = 0; lastKnownFileType = sourcecode.c.objc; name = CDVGlobalization.m; path = "cordova-plugin-globalization/CDVGlobalization.m"; sourceTree = "<group>"; };
		705155A648A249498CE8BBD6 /* GCDWebServerMultiPartFormRequest.m */ = {isa = PBXFileReference; explicitFileType = undefined; fileEncoding = 4; includeInIndex = 0; lastKnownFileType = sourcecode.c.objc; name = GCDWebServerMultiPartFormRequest.m; path = "cordova-plugin-ionic-webview/GCDWebServerMultiPartFormRequest.m"; sourceTree = "<group>"; };
		718FB40F4FC74D5DB89D229F /* CDVClipboard.h */ = {isa = PBXFileReference; explicitFileType = undefined; fileEncoding = 4; includeInIndex = 0; lastKnownFileType = sourcecode.c.h; name = CDVClipboard.h; path = "cordova-clipboard/CDVClipboard.h"; sourceTree = "<group>"; };
		74617DAFCA264E89AA03C7BC /* GoogleService-Info.plist */ = {isa = PBXFileReference; explicitFileType = undefined; fileEncoding = 4; includeInIndex = 0; lastKnownFileType = text.plist.xml; name = "GoogleService-Info.plist"; path = "Resources/GoogleService-Info.plist"; sourceTree = "<group>"; };
		7528163C90BB49A1806A67CA /* GCDWebServerDataResponse.h */ = {isa = PBXFileReference; explicitFileType = undefined; fileEncoding = 4; includeInIndex = 0; lastKnownFileType = sourcecode.c.h; name = GCDWebServerDataResponse.h; path = "cordova-plugin-ionic-webview/GCDWebServerDataResponse.h"; sourceTree = "<group>"; };
		75723E3AC1F1420E96D05D15 /* CDVSplashScreen.h */ = {isa = PBXFileReference; explicitFileType = undefined; fileEncoding = 4; includeInIndex = 0; lastKnownFileType = sourcecode.c.h; name = CDVSplashScreen.h; path = "cordova-plugin-splashscreen/CDVSplashScreen.h"; sourceTree = "<group>"; };
		79EA19693DF24469BCCDFAFD /* GCDWebServerFileRequest.m */ = {isa = PBXFileReference; explicitFileType = undefined; fileEncoding = 4; includeInIndex = 0; lastKnownFileType = sourcecode.c.objc; name = GCDWebServerFileRequest.m; path = "cordova-plugin-ionic-webview/GCDWebServerFileRequest.m"; sourceTree = "<group>"; };
		7A89194889A84ED185B57D6A /* UICKeyChainStore.m */ = {isa = PBXFileReference; explicitFileType = undefined; fileEncoding = 4; includeInIndex = 0; lastKnownFileType = sourcecode.c.objc; name = UICKeyChainStore.m; path = "cordova-plugin-uniquedeviceid/UICKeyChainStore.m"; sourceTree = "<group>"; };
		7C4639EFE26E4F6CABB64A6B /* CDVConnection.m */ = {isa = PBXFileReference; explicitFileType = undefined; fileEncoding = 4; includeInIndex = 0; lastKnownFileType = sourcecode.c.objc; name = CDVConnection.m; path = "cordova-plugin-network-information/CDVConnection.m"; sourceTree = "<group>"; };
		7CD10B9FFB384F9689A605C2 /* CDVLocalFilesystem.m */ = {isa = PBXFileReference; explicitFileType = undefined; fileEncoding = 4; includeInIndex = 0; lastKnownFileType = sourcecode.c.objc; name = CDVLocalFilesystem.m; path = "cordova-plugin-file/CDVLocalFilesystem.m"; sourceTree = "<group>"; };
		7F2F0FD0371F4E67B9A6CC97 /* GoogleSymbolUtilities.framework */ = {isa = PBXFileReference; explicitFileType = undefined; fileEncoding = 9; includeInIndex = 0; lastKnownFileType = wrapper.framework; name = GoogleSymbolUtilities.framework; path = "QYB/Plugins/cordova-plugin-fcm/GoogleSymbolUtilities.framework"; sourceTree = "<group>"; };
		7F470A10A0D540E0A3CFBDEA /* YoikScreenOrientation.h */ = {isa = PBXFileReference; explicitFileType = undefined; fileEncoding = 4; includeInIndex = 0; lastKnownFileType = sourcecode.c.h; name = YoikScreenOrientation.h; path = "cordova-plugin-screen-orientation/YoikScreenOrientation.h"; sourceTree = "<group>"; };
		7FF1678949CC42A3A370A586 /* Toast.h */ = {isa = PBXFileReference; explicitFileType = undefined; fileEncoding = 4; includeInIndex = 0; lastKnownFileType = sourcecode.c.h; name = Toast.h; path = "cordova-plugin-x-toast/Toast.h"; sourceTree = "<group>"; };
		80E024BD5BB343FEA299C0EC /* AddressBook.framework */ = {isa = PBXFileReference; explicitFileType = undefined; fileEncoding = 9; includeInIndex = 0; lastKnownFileType = wrapper.framework; name = AddressBook.framework; path = System/Library/Frameworks/AddressBook.framework; sourceTree = SDKROOT; };
		81CF7ED286214A2EB89DC9DA /* GCDWebServerConnection.h */ = {isa = PBXFileReference; explicitFileType = undefined; fileEncoding = 4; includeInIndex = 0; lastKnownFileType = sourcecode.c.h; name = GCDWebServerConnection.h; path = "cordova-plugin-ionic-webview/GCDWebServerConnection.h"; sourceTree = "<group>"; };
		83BFAC69C23C4A61B88B9ECF /* GoogleIPhoneUtilities.framework */ = {isa = PBXFileReference; explicitFileType = undefined; fileEncoding = 9; includeInIndex = 0; lastKnownFileType = wrapper.framework; name = GoogleIPhoneUtilities.framework; path = "QYB/Plugins/cordova-plugin-fcm/GoogleIPhoneUtilities.framework"; sourceTree = "<group>"; };
		85E0CB4872354C108633614A /* GCDWebServerFileResponse.m */ = {isa = PBXFileReference; explicitFileType = undefined; fileEncoding = 4; includeInIndex = 0; lastKnownFileType = sourcecode.c.objc; name = GCDWebServerFileResponse.m; path = "cordova-plugin-ionic-webview/GCDWebServerFileResponse.m"; sourceTree = "<group>"; };
		85E282FA940544BB848EC392 /* CDVStatusBar.m */ = {isa = PBXFileReference; explicitFileType = undefined; fileEncoding = 4; includeInIndex = 0; lastKnownFileType = sourcecode.c.objc; name = CDVStatusBar.m; path = "cordova-plugin-statusbar/CDVStatusBar.m"; sourceTree = "<group>"; };
		875756A2765F462A8B3268F9 /* MessageUI.framework */ = {isa = PBXFileReference; explicitFileType = undefined; fileEncoding = 9; includeInIndex = 0; lastKnownFileType = wrapper.framework; name = MessageUI.framework; path = System/Library/Frameworks/MessageUI.framework; sourceTree = SDKROOT; };
		89138BB90A38471D8D9927D0 /* QRScanner.swift */ = {isa = PBXFileReference; explicitFileType = undefined; fileEncoding = 4; includeInIndex = 0; lastKnownFileType = sourcecode.swift; name = QRScanner.swift; path = "cordova-plugin-qrscanner/QRScanner.swift"; sourceTree = "<group>"; };
		89991071B076493EBB23E70A /* GCDWebServerHTTPStatusCodes.h */ = {isa = PBXFileReference; explicitFileType = undefined; fileEncoding = 4; includeInIndex = 0; lastKnownFileType = sourcecode.c.h; name = GCDWebServerHTTPStatusCodes.h; path = "cordova-plugin-ionic-webview/GCDWebServerHTTPStatusCodes.h"; sourceTree = "<group>"; };
		8D1107310486CEB800E47090 /* QYB-Info.plist */ = {isa = PBXFileReference; fileEncoding = 4; lastKnownFileType = text.plist.xml; name = "QYB-Info.plist"; path = "QYB/QYB-Info.plist"; plistStructureDefinitionIdentifier = "com.apple.xcode.plist.structure-definition.iphone.info-plist"; sourceTree = SOURCE_ROOT; };
		905B26905CD842359A4C9E1B /* CDVAssetLibraryFilesystem.h */ = {isa = PBXFileReference; explicitFileType = undefined; fileEncoding = 4; includeInIndex = 0; lastKnownFileType = sourcecode.c.h; name = CDVAssetLibraryFilesystem.h; path = "cordova-plugin-file/CDVAssetLibraryFilesystem.h"; sourceTree = "<group>"; };
		9A666958E4F04EA48E7A56EC /* CDVWKWebViewUIDelegate.h */ = {isa = PBXFileReference; explicitFileType = undefined; fileEncoding = 4; includeInIndex = 0; lastKnownFileType = sourcecode.c.h; name = CDVWKWebViewUIDelegate.h; path = "cordova-plugin-ionic-webview/CDVWKWebViewUIDelegate.h"; sourceTree = "<group>"; };
		9A78E3B5A0634710BF0AB3E0 /* Security.framework */ = {isa = PBXFileReference; explicitFileType = undefined; fileEncoding = 9; includeInIndex = 0; lastKnownFileType = wrapper.framework; name = Security.framework; path = System/Library/Frameworks/Security.framework; sourceTree = SDKROOT; };
		9E542335C6854FC492CBC03C /* libc++.tbd */ = {isa = PBXFileReference; explicitFileType = undefined; fileEncoding = 9; includeInIndex = 0; lastKnownFileType = "sourcecode.text-based-dylib-definition"; name = "libc++.tbd"; path = "usr/lib/libc++.tbd"; sourceTree = SDKROOT; };
		9E5EE9CC2A8B407693BAA7A5 /* GCDWebServerFunctions.h */ = {isa = PBXFileReference; explicitFileType = undefined; fileEncoding = 4; includeInIndex = 0; lastKnownFileType = sourcecode.c.h; name = GCDWebServerFunctions.h; path = "cordova-plugin-ionic-webview/GCDWebServerFunctions.h"; sourceTree = "<group>"; };
		A06C48E9F7094EA2AF459E67 /* CDVSpinnerDialog.h */ = {isa = PBXFileReference; explicitFileType = undefined; fileEncoding = 4; includeInIndex = 0; lastKnownFileType = sourcecode.c.h; name = CDVSpinnerDialog.h; path = "cordova-plugin-spinner-dialog/CDVSpinnerDialog.h"; sourceTree = "<group>"; };
		A58262E092A54AF38F2F19F5 /* AudioToolbox.framework */ = {isa = PBXFileReference; explicitFileType = undefined; fileEncoding = 9; includeInIndex = 0; lastKnownFileType = wrapper.framework; name = AudioToolbox.framework; path = System/Library/Frameworks/AudioToolbox.framework; sourceTree = SDKROOT; };
		A876148C6D3F40C18DA96820 /* CDVUniqueDeviceID.h */ = {isa = PBXFileReference; explicitFileType = undefined; fileEncoding = 4; includeInIndex = 0; lastKnownFileType = sourcecode.c.h; name = CDVUniqueDeviceID.h; path = "cordova-plugin-uniquedeviceid/CDVUniqueDeviceID.h"; sourceTree = "<group>"; };
		A9B4BC8108AA48CC9F2D6AEB /* GCDWebServerRequest.m */ = {isa = PBXFileReference; explicitFileType = undefined; fileEncoding = 4; includeInIndex = 0; lastKnownFileType = sourcecode.c.objc; name = GCDWebServerRequest.m; path = "cordova-plugin-ionic-webview/GCDWebServerRequest.m"; sourceTree = "<group>"; };
		AAF5EA3792E646F180F09BA9 /* CDVConnection.h */ = {isa = PBXFileReference; explicitFileType = undefined; fileEncoding = 4; includeInIndex = 0; lastKnownFileType = sourcecode.c.h; name = CDVConnection.h; path = "cordova-plugin-network-information/CDVConnection.h"; sourceTree = "<group>"; };
		ACFB7F2D21DB4A8B8D27389E /* SocialSharing.m */ = {isa = PBXFileReference; explicitFileType = undefined; fileEncoding = 4; includeInIndex = 0; lastKnownFileType = sourcecode.c.objc; name = SocialSharing.m; path = "cordova-plugin-x-socialsharing/SocialSharing.m"; sourceTree = "<group>"; };
		AF748D1405FE488686AAD5E7 /* libsqlite3.0.tbd */ = {isa = PBXFileReference; explicitFileType = undefined; fileEncoding = 9; includeInIndex = 0; lastKnownFileType = "sourcecode.text-based-dylib-definition"; name = libsqlite3.0.tbd; path = usr/lib/libsqlite3.0.tbd; sourceTree = SDKROOT; };
		B31ED9ABC7EF439299F9492E /* LocalAuthentication.framework */ = {isa = PBXFileReference; explicitFileType = undefined; fileEncoding = 9; includeInIndex = 0; lastKnownFileType = wrapper.framework; name = LocalAuthentication.framework; path = System/Library/Frameworks/LocalAuthentication.framework; sourceTree = SDKROOT; };
		B428AB5E77CF4E30890FE675 /* GCDWebServerRequest.h */ = {isa = PBXFileReference; explicitFileType = undefined; fileEncoding = 4; includeInIndex = 0; lastKnownFileType = sourcecode.c.h; name = GCDWebServerRequest.h; path = "cordova-plugin-ionic-webview/GCDWebServerRequest.h"; sourceTree = "<group>"; };
		B87F68935D6846D88035466B /* CDVReachability.h */ = {isa = PBXFileReference; explicitFileType = undefined; fileEncoding = 4; includeInIndex = 0; lastKnownFileType = sourcecode.c.h; name = CDVReachability.h; path = "cordova-plugin-network-information/CDVReachability.h"; sourceTree = "<group>"; };
		BA02DC169362472597EE87D2 /* CDVWKWebViewEngine.h */ = {isa = PBXFileReference; explicitFileType = undefined; fileEncoding = 4; includeInIndex = 0; lastKnownFileType = sourcecode.c.h; name = CDVWKWebViewEngine.h; path = "cordova-plugin-ionic-webview/CDVWKWebViewEngine.h"; sourceTree = "<group>"; };
		BA433B01FC6A4839A534ED59 /* CDVDevice.m */ = {isa = PBXFileReference; explicitFileType = undefined; fileEncoding = 4; includeInIndex = 0; lastKnownFileType = sourcecode.c.objc; name = CDVDevice.m; path = "cordova-plugin-device/CDVDevice.m"; sourceTree = "<group>"; };
		BB0DB151BB8642DFA1AEF9B2 /* GCDWebServerResponse.h */ = {isa = PBXFileReference; explicitFileType = undefined; fileEncoding = 4; includeInIndex = 0; lastKnownFileType = sourcecode.c.h; name = GCDWebServerResponse.h; path = "cordova-plugin-ionic-webview/GCDWebServerResponse.h"; sourceTree = "<group>"; };
		C9525F58E2FC474FB3B3DF41 /* CDVInAppBrowser.h */ = {isa = PBXFileReference; explicitFileType = undefined; fileEncoding = 4; includeInIndex = 0; lastKnownFileType = sourcecode.c.h; name = CDVInAppBrowser.h; path = "cordova-plugin-inappbrowser/CDVInAppBrowser.h"; sourceTree = "<group>"; };
		CA6516F38482418A8AE42BF9 /* GCDWebServerResponse.m */ = {isa = PBXFileReference; explicitFileType = undefined; fileEncoding = 4; includeInIndex = 0; lastKnownFileType = sourcecode.c.objc; name = GCDWebServerResponse.m; path = "cordova-plugin-ionic-webview/GCDWebServerResponse.m"; sourceTree = "<group>"; };
		CBAD7DAD413D4360BB555A83 /* GCDWebServerStreamedResponse.h */ = {isa = PBXFileReference; explicitFileType = undefined; fileEncoding = 4; includeInIndex = 0; lastKnownFileType = sourcecode.c.h; name = GCDWebServerStreamedResponse.h; path = "cordova-plugin-ionic-webview/GCDWebServerStreamedResponse.h"; sourceTree = "<group>"; };
		CBB4348508F048B68EA2F270 /* CoreTelephony.framework */ = {isa = PBXFileReference; explicitFileType = undefined; fileEncoding = 9; includeInIndex = 0; lastKnownFileType = wrapper.framework; name = CoreTelephony.framework; path = System/Library/Frameworks/CoreTelephony.framework; sourceTree = SDKROOT; };
		CBD4C24E6AB1458D9CA2452D /* CDVSplashScreen.m */ = {isa = PBXFileReference; explicitFileType = undefined; fileEncoding = 4; includeInIndex = 0; lastKnownFileType = sourcecode.c.objc; name = CDVSplashScreen.m; path = "cordova-plugin-splashscreen/CDVSplashScreen.m"; sourceTree = "<group>"; };
		CFD0F42E792C49658D2290A5 /* IonicKeyboard.h */ = {isa = PBXFileReference; explicitFileType = undefined; fileEncoding = 4; includeInIndex = 0; lastKnownFileType = sourcecode.c.h; name = IonicKeyboard.h; path = "ionic-plugin-keyboard/IonicKeyboard.h"; sourceTree = "<group>"; };
		D4A6A1003ADE44018F34A9C4 /* CDVNotification.bundle */ = {isa = PBXFileReference; explicitFileType = undefined; fileEncoding = 9; includeInIndex = 0; lastKnownFileType = "wrapper.plug-in"; path = CDVNotification.bundle; sourceTree = "<group>"; };
		D4EF6EB20A384953885A257F /* Toast+UIView.m */ = {isa = PBXFileReference; explicitFileType = undefined; fileEncoding = 4; includeInIndex = 0; lastKnownFileType = sourcecode.c.objc; name = "Toast+UIView.m"; path = "cordova-plugin-x-toast/Toast+UIView.m"; sourceTree = "<group>"; };
		D9D11BBBDC2C4A84B58C3814 /* AppDelegate+FCMPlugin.h */ = {isa = PBXFileReference; explicitFileType = undefined; fileEncoding = 4; includeInIndex = 0; lastKnownFileType = sourcecode.c.h; name = "AppDelegate+FCMPlugin.h"; path = "cordova-plugin-fcm/AppDelegate+FCMPlugin.h"; sourceTree = "<group>"; };
		DA1F605603C84D5BA9CC4642 /* CDVGlobalization.h */ = {isa = PBXFileReference; explicitFileType = undefined; fileEncoding = 4; includeInIndex = 0; lastKnownFileType = sourcecode.c.h; name = CDVGlobalization.h; path = "cordova-plugin-globalization/CDVGlobalization.h"; sourceTree = "<group>"; };
		DCE4160C9246472C9315A005 /* GCDWebServerConnection.m */ = {isa = PBXFileReference; explicitFileType = undefined; fileEncoding = 4; includeInIndex = 0; lastKnownFileType = sourcecode.c.objc; name = GCDWebServerConnection.m; path = "cordova-plugin-ionic-webview/GCDWebServerConnection.m"; sourceTree = "<group>"; };
		DD84E10179684D9788DE5C3F /* GCDWebServerStreamedResponse.m */ = {isa = PBXFileReference; explicitFileType = undefined; fileEncoding = 4; includeInIndex = 0; lastKnownFileType = sourcecode.c.objc; name = GCDWebServerStreamedResponse.m; path = "cordova-plugin-ionic-webview/GCDWebServerStreamedResponse.m"; sourceTree = "<group>"; };
		DEF735B864084C298F92F3C1 /* UICKeyChainStore.h */ = {isa = PBXFileReference; explicitFileType = undefined; fileEncoding = 4; includeInIndex = 0; lastKnownFileType = sourcecode.c.h; name = UICKeyChainStore.h; path = "cordova-plugin-uniquedeviceid/UICKeyChainStore.h"; sourceTree = "<group>"; };
		E0C47761C96E4FD4B9752307 /* CDVWKWebViewUIDelegate.m */ = {isa = PBXFileReference; explicitFileType = undefined; fileEncoding = 4; includeInIndex = 0; lastKnownFileType = sourcecode.c.objc; name = CDVWKWebViewUIDelegate.m; path = "cordova-plugin-ionic-webview/CDVWKWebViewUIDelegate.m"; sourceTree = "<group>"; };
		E197038B2018736000BE5827 /* QYB.entitlements */ = {isa = PBXFileReference; lastKnownFileType = text.plist.entitlements; name = QYB.entitlements; path = QYB/QYB.entitlements; sourceTree = "<group>"; };
		E197038E20187B7800BE5827 /* BuglyHotfix.framework */ = {isa = PBXFileReference; lastKnownFileType = wrapper.framework; path = BuglyHotfix.framework; sourceTree = "<group>"; };
		E197039220187DD900BE5827 /* JPEngine.h */ = {isa = PBXFileReference; fileEncoding = 4; lastKnownFileType = sourcecode.c.h; path = JPEngine.h; sourceTree = "<group>"; };
		E197039320187DD900BE5827 /* JPEngine.m */ = {isa = PBXFileReference; fileEncoding = 4; lastKnownFileType = sourcecode.c.objc; path = JPEngine.m; sourceTree = "<group>"; };
		E197039420187DD900BE5827 /* JSPatch.js */ = {isa = PBXFileReference; fileEncoding = 4; lastKnownFileType = sourcecode.javascript; path = JSPatch.js; sourceTree = "<group>"; };
		E19703972018804100BE5827 /* BuglyHotfixConfuse_pch.h */ = {isa = PBXFileReference; lastKnownFileType = sourcecode.c.h; path = BuglyHotfixConfuse_pch.h; sourceTree = "<group>"; };
		E2E5842C24684E0D82396DDB /* GCDWebServerDataRequest.h */ = {isa = PBXFileReference; explicitFileType = undefined; fileEncoding = 4; includeInIndex = 0; lastKnownFileType = sourcecode.c.h; name = GCDWebServerDataRequest.h; path = "cordova-plugin-ionic-webview/GCDWebServerDataRequest.h"; sourceTree = "<group>"; };
		E328FB04D93A41258E6369BD /* CDVNotification.m */ = {isa = PBXFileReference; explicitFileType = undefined; fileEncoding = 4; includeInIndex = 0; lastKnownFileType = sourcecode.c.objc; name = CDVNotification.m; path = "cordova-plugin-dialogs/CDVNotification.m"; sourceTree = "<group>"; };
		E93CAE0B82E148359A4FFBE4 /* CDVFile.m */ = {isa = PBXFileReference; explicitFileType = undefined; fileEncoding = 4; includeInIndex = 0; lastKnownFileType = sourcecode.c.objc; name = CDVFile.m; path = "cordova-plugin-file/CDVFile.m"; sourceTree = "<group>"; };
		E9A4050B139A4C2789AE979B /* TouchID.h */ = {isa = PBXFileReference; explicitFileType = undefined; fileEncoding = 4; includeInIndex = 0; lastKnownFileType = sourcecode.c.h; name = TouchID.h; path = "cordova-plugin-touch-id/TouchID.h"; sourceTree = "<group>"; };
		E9AB005EF43648C8A15A8E95 /* GCDWebServer.m */ = {isa = PBXFileReference; explicitFileType = undefined; fileEncoding = 4; includeInIndex = 0; lastKnownFileType = sourcecode.c.objc; name = GCDWebServer.m; path = "cordova-plugin-ionic-webview/GCDWebServer.m"; sourceTree = "<group>"; };
		EB87FDF31871DA8E0020F90C /* www */ = {isa = PBXFileReference; lastKnownFileType = folder; name = www; path = ../../www; sourceTree = "<group>"; };
		EB87FDF41871DAF40020F90C /* config.xml */ = {isa = PBXFileReference; lastKnownFileType = text.xml; name = config.xml; path = ../../config.xml; sourceTree = "<group>"; };
		ECE15C81D2A048E39D6D601E /* AppDelegate+FCMPlugin.m */ = {isa = PBXFileReference; explicitFileType = undefined; fileEncoding = 4; includeInIndex = 0; lastKnownFileType = sourcecode.c.objc; name = "AppDelegate+FCMPlugin.m"; path = "cordova-plugin-fcm/AppDelegate+FCMPlugin.m"; sourceTree = "<group>"; };
		ED33DF2A687741AEAF9F8254 /* Bridging-Header.h */ = {isa = PBXFileReference; fileEncoding = 4; lastKnownFileType = sourcecode.c.h; path = "Bridging-Header.h"; sourceTree = "<group>"; };
		F415FFAC2066457BB0AA0897 /* CDVAssetLibraryFilesystem.m */ = {isa = PBXFileReference; explicitFileType = undefined; fileEncoding = 4; includeInIndex = 0; lastKnownFileType = sourcecode.c.objc; name = CDVAssetLibraryFilesystem.m; path = "cordova-plugin-file/CDVAssetLibraryFilesystem.m"; sourceTree = "<group>"; };
		F840E1F0165FE0F500CFE078 /* config.xml */ = {isa = PBXFileReference; lastKnownFileType = text.xml; name = config.xml; path = QYB/config.xml; sourceTree = "<group>"; };
		F8D11F82C5AD450485E956AB /* QuartzCore.framework */ = {isa = PBXFileReference; explicitFileType = undefined; fileEncoding = 9; includeInIndex = 0; lastKnownFileType = wrapper.framework; name = QuartzCore.framework; path = System/Library/Frameworks/QuartzCore.framework; sourceTree = SDKROOT; };
		F9280B5D0500454BA4BC5A77 /* Toast+UIView.h */ = {isa = PBXFileReference; explicitFileType = undefined; fileEncoding = 4; includeInIndex = 0; lastKnownFileType = sourcecode.c.h; name = "Toast+UIView.h"; path = "cordova-plugin-x-toast/Toast+UIView.h"; sourceTree = "<group>"; };
		FB06E9F3044C496D8793BD90 /* CDVViewController+SplashScreen.m */ = {isa = PBXFileReference; explicitFileType = undefined; fileEncoding = 4; includeInIndex = 0; lastKnownFileType = sourcecode.c.objc; name = "CDVViewController+SplashScreen.m"; path = "cordova-plugin-splashscreen/CDVViewController+SplashScreen.m"; sourceTree = "<group>"; };
		FD94330BD66A4527A68F4635 /* GCDWebServerFileResponse.h */ = {isa = PBXFileReference; explicitFileType = undefined; fileEncoding = 4; includeInIndex = 0; lastKnownFileType = sourcecode.c.h; name = GCDWebServerFileResponse.h; path = "cordova-plugin-ionic-webview/GCDWebServerFileResponse.h"; sourceTree = "<group>"; };
/* End PBXFileReference section */

/* Begin PBXFrameworksBuildPhase section */
		1D60588F0D05DD3D006BFB54 /* Frameworks */ = {
			isa = PBXFrameworksBuildPhase;
			buildActionMask = 2147483647;
			files = (
				301BF552109A68D80062928A /* libCordova.a in Frameworks */,
				65481A3833DC46549D208467 /* libz.tbd in Frameworks */,
				1346B83C750C470E8EEC84A3 /* QuartzCore.framework in Frameworks */,
				F70943A5E1B2431FB6E87F28 /* Social.framework in Frameworks */,
				08C549A966C042A3B4FFD17E /* MessageUI.framework in Frameworks */,
				BA5FFAB0D47148568F3AAD9E /* AudioToolbox.framework in Frameworks */,
				658132BEDE3F4661B626B3FE /* SystemConfiguration.framework in Frameworks */,
				C772BDFDD0D14119922D3D73 /* CoreTelephony.framework in Frameworks */,
				FBAAAC9E5F1C4ABBA2AC7ECB /* Security.framework in Frameworks */,
				1B417F621A644A6C9E5502D9 /* LocalAuthentication.framework in Frameworks */,
				F84CB97E09964527A610DFDD /* WebKit.framework in Frameworks */,
				912606F864004AAE81F7B9CD /* FirebaseAnalytics.framework in Frameworks */,
				36E84DB96EF147CDA38573B5 /* FirebaseCore.framework in Frameworks */,
				E197038F20187B7800BE5827 /* BuglyHotfix.framework in Frameworks */,
				D7749E4C17734D219B75579D /* FirebaseInstanceID.framework in Frameworks */,
				B01948659AFB4407BEF3D47A /* FirebaseMessaging.framework in Frameworks */,
				948A682953834C1899399D27 /* GoogleInterchangeUtilities.framework in Frameworks */,
				C07200CC7FF248EC9B9B35D3 /* GoogleIPhoneUtilities.framework in Frameworks */,
				EE08EF1948B04D07947790AF /* GoogleSymbolUtilities.framework in Frameworks */,
				72734DFF65DB4036992ACD5C /* GoogleUtilities.framework in Frameworks */,
				C41F255A399C498BB0B7E1B1 /* libc++.tbd in Frameworks */,
				762F1699E30F43A89F244D94 /* AddressBook.framework in Frameworks */,
				42A468883B4347D28C7718A1 /* libsqlite3.0.tbd in Frameworks */,
			);
			runOnlyForDeploymentPostprocessing = 0;
		};
/* End PBXFrameworksBuildPhase section */

/* Begin PBXGroup section */
		080E96DDFE201D6D7F000001 /* Classes */ = {
			isa = PBXGroup;
			children = (
				302D95EE14D2391D003F00A1 /* MainViewController.h */,
				302D95EF14D2391D003F00A1 /* MainViewController.m */,
				302D95F014D2391D003F00A1 /* MainViewController.xib */,
				1D3623240D0F684500981E51 /* AppDelegate.h */,
				1D3623250D0F684500981E51 /* AppDelegate.m */,
				E197039120187DD900BE5827 /* JSPatch */,
			);
			name = Classes;
			path = QYB/Classes;
			sourceTree = SOURCE_ROOT;
		};
		19C28FACFE9D520D11CA2CBB /* Products */ = {
			isa = PBXGroup;
			children = (
				1D6058910D05DD3D006BFB54 /* QYB.app */,
			);
			name = Products;
			sourceTree = "<group>";
		};
		29B97314FDCFA39411CA2CEA /* CustomTemplate */ = {
			isa = PBXGroup;
			children = (
				E197038B2018736000BE5827 /* QYB.entitlements */,
				EB87FDF41871DAF40020F90C /* config.xml */,
				EB87FDF31871DA8E0020F90C /* www */,
				EB87FDF11871DA420020F90C /* Staging */,
				301BF52D109A57CC0062928A /* CordovaLib.xcodeproj */,
				080E96DDFE201D6D7F000001 /* Classes */,
				307C750510C5A3420062BCA9 /* Plugins */,
				29B97315FDCFA39411CA2CEA /* Other Sources */,
				29B97317FDCFA39411CA2CEA /* Resources */,
				29B97323FDCFA39411CA2CEA /* Frameworks */,
				19C28FACFE9D520D11CA2CBB /* Products */,
			);
			name = CustomTemplate;
			sourceTree = "<group>";
		};
		29B97315FDCFA39411CA2CEA /* Other Sources */ = {
			isa = PBXGroup;
			children = (
				32CA4F630368D1EE00C91783 /* QYB-Prefix.pch */,
				29B97316FDCFA39411CA2CEA /* main.m */,
				ED33DF2A687741AEAF9F8254 /* Bridging-Header.h */,
			);
			name = "Other Sources";
			path = QYB;
			sourceTree = "<group>";
		};
		29B97317FDCFA39411CA2CEA /* Resources */ = {
			isa = PBXGroup;
			children = (
				0207DA571B56EA530066E2B4 /* Images.xcassets */,
				3047A50E1AB8057F00498E2A /* config */,
				8D1107310486CEB800E47090 /* QYB-Info.plist */,
				6AFF5BF81D6E424B00AB3073 /* CDVLaunchScreen.storyboard */,
				D4A6A1003ADE44018F34A9C4 /* CDVNotification.bundle */,
				74617DAFCA264E89AA03C7BC /* GoogleService-Info.plist */,
			);
			name = Resources;
			path = QYB/Resources;
			sourceTree = "<group>";
		};
		29B97323FDCFA39411CA2CEA /* Frameworks */ = {
			isa = PBXGroup;
			children = (
				1282DBE506624D11BC0B0743 /* libz.tbd */,
				E197038E20187B7800BE5827 /* BuglyHotfix.framework */,
				F8D11F82C5AD450485E956AB /* QuartzCore.framework */,
				5AE478CA0E2C4FB8B995F870 /* Social.framework */,
				875756A2765F462A8B3268F9 /* MessageUI.framework */,
				A58262E092A54AF38F2F19F5 /* AudioToolbox.framework */,
				124A8A1F45BE4802961CFCA9 /* SystemConfiguration.framework */,
				CBB4348508F048B68EA2F270 /* CoreTelephony.framework */,
				9A78E3B5A0634710BF0AB3E0 /* Security.framework */,
				B31ED9ABC7EF439299F9492E /* LocalAuthentication.framework */,
				20261162426543C78F30AB84 /* WebKit.framework */,
				306328E2AD0748E3943D174C /* FirebaseAnalytics.framework */,
				2EE3C80EF2944ED4A3BC4813 /* FirebaseCore.framework */,
				4FD0A6F290994F97862A19BE /* FirebaseInstanceID.framework */,
				21500DBE76D64D838914A4F3 /* FirebaseMessaging.framework */,
				3B51F21FC8224A4A8AACB978 /* GoogleInterchangeUtilities.framework */,
				83BFAC69C23C4A61B88B9ECF /* GoogleIPhoneUtilities.framework */,
				7F2F0FD0371F4E67B9A6CC97 /* GoogleSymbolUtilities.framework */,
				67B707DD730043ACBBB17C6C /* GoogleUtilities.framework */,
				9E542335C6854FC492CBC03C /* libc++.tbd */,
				80E024BD5BB343FEA299C0EC /* AddressBook.framework */,
				AF748D1405FE488686AAD5E7 /* libsqlite3.0.tbd */,
			);
			name = Frameworks;
			sourceTree = "<group>";
		};
		301BF52E109A57CC0062928A /* Products */ = {
			isa = PBXGroup;
			children = (
				301BF535109A57CC0062928A /* libCordova.a */,
				E197038A2018733E00BE5827 /* Cordova.framework */,
			);
			name = Products;
			sourceTree = "<group>";
		};
		3047A50E1AB8057F00498E2A /* config */ = {
			isa = PBXGroup;
			children = (
				3047A50F1AB8059700498E2A /* build-debug.xcconfig */,
				3047A5101AB8059700498E2A /* build-release.xcconfig */,
				3047A5111AB8059700498E2A /* build.xcconfig */,
			);
			name = config;
			sourceTree = "<group>";
		};
		307C750510C5A3420062BCA9 /* Plugins */ = {
			isa = PBXGroup;
			children = (
				BA433B01FC6A4839A534ED59 /* CDVDevice.m */,
				4D2092C0AFA545DDBE17DB3A /* CDVDevice.h */,
				6B476FCCEEBB46A7A668D7FB /* CDVGlobalization.m */,
				DA1F605603C84D5BA9CC4642 /* CDVGlobalization.h */,
				CBD4C24E6AB1458D9CA2452D /* CDVSplashScreen.m */,
				FB06E9F3044C496D8793BD90 /* CDVViewController+SplashScreen.m */,
				75723E3AC1F1420E96D05D15 /* CDVSplashScreen.h */,
				29220B19371147E0926FA553 /* CDVViewController+SplashScreen.h */,
				85E282FA940544BB848EC392 /* CDVStatusBar.m */,
				087A780A170D45A19373A5F5 /* CDVStatusBar.h */,
				1C4C86955A034564BABEFC82 /* CDVInAppBrowser.m */,
				C9525F58E2FC474FB3B3DF41 /* CDVInAppBrowser.h */,
				D4EF6EB20A384953885A257F /* Toast+UIView.m */,
				17CA80EE1C314E3DB41F2FD1 /* Toast.m */,
				F9280B5D0500454BA4BC5A77 /* Toast+UIView.h */,
				7FF1678949CC42A3A370A586 /* Toast.h */,
				5E0A8ACA785F4963877E54BB /* CDVClipboard.m */,
				718FB40F4FC74D5DB89D229F /* CDVClipboard.h */,
				63586265E22649B485D17C40 /* NSString+SSURLEncoding.m */,
				ACFB7F2D21DB4A8B8D27389E /* SocialSharing.m */,
				61264473153E4E099236EECD /* NSString+SSURLEncoding.h */,
				110FE620B7934A56AE387CA3 /* SocialSharing.h */,
				4E057A755FF1425A8423251E /* CDVSpinnerDialog.m */,
				A06C48E9F7094EA2AF459E67 /* CDVSpinnerDialog.h */,
				E328FB04D93A41258E6369BD /* CDVNotification.m */,
				0ACE70D22A8144FBB02BB1EC /* CDVNotification.h */,
				7C4639EFE26E4F6CABB64A6B /* CDVConnection.m */,
				3B961D9458084973A61B8462 /* CDVReachability.m */,
				AAF5EA3792E646F180F09BA9 /* CDVConnection.h */,
				B87F68935D6846D88035466B /* CDVReachability.h */,
				7A89194889A84ED185B57D6A /* UICKeyChainStore.m */,
				11925813A94D4BF2B58977C9 /* CDVUniqueDeviceID.m */,
				DEF735B864084C298F92F3C1 /* UICKeyChainStore.h */,
				A876148C6D3F40C18DA96820 /* CDVUniqueDeviceID.h */,
				E93CAE0B82E148359A4FFBE4 /* CDVFile.m */,
				7CD10B9FFB384F9689A605C2 /* CDVLocalFilesystem.m */,
				F415FFAC2066457BB0AA0897 /* CDVAssetLibraryFilesystem.m */,
				444AA65DC5224C5587956E91 /* CDVFile.h */,
				4AF230799E704689BACD6611 /* CDVLocalFilesystem.h */,
				905B26905CD842359A4C9E1B /* CDVAssetLibraryFilesystem.h */,
				5F419D1EFA77469E90EA59C9 /* TouchID.m */,
				E9A4050B139A4C2789AE979B /* TouchID.h */,
				387C3E8BAAF74FC39B45ADE7 /* YoikScreenOrientation.m */,
				150242BBC6AF47C2A1F110B4 /* CDVViewController+UpdateSupportedOrientations.m */,
				7F470A10A0D540E0A3CFBDEA /* YoikScreenOrientation.h */,
				16FE23671F8B4D5A8DD700BC /* CDVViewController+UpdateSupportedOrientations.h */,
				1491E972841245BEBF4D26C8 /* IonicKeyboard.m */,
				CFD0F42E792C49658D2290A5 /* IonicKeyboard.h */,
				89138BB90A38471D8D9927D0 /* QRScanner.swift */,
				5AA84E5192794BCFAD6E7B55 /* CDVWKWebViewEngine.m */,
				E0C47761C96E4FD4B9752307 /* CDVWKWebViewUIDelegate.m */,
				65258B28423B473D997B884F /* CDVWKProcessPoolFactory.m */,
				E9AB005EF43648C8A15A8E95 /* GCDWebServer.m */,
				DCE4160C9246472C9315A005 /* GCDWebServerConnection.m */,
				28755DD19EC242149CA09171 /* GCDWebServerFunctions.m */,
				A9B4BC8108AA48CC9F2D6AEB /* GCDWebServerRequest.m */,
				CA6516F38482418A8AE42BF9 /* GCDWebServerResponse.m */,
				3F58526A7EF349E5974F531D /* GCDWebServerDataRequest.m */,
				79EA19693DF24469BCCDFAFD /* GCDWebServerFileRequest.m */,
				705155A648A249498CE8BBD6 /* GCDWebServerMultiPartFormRequest.m */,
				48A9539DFB33449A9DFA7394 /* GCDWebServerURLEncodedFormRequest.m */,
				649B2850ECB441B094A1D8D6 /* GCDWebServerDataResponse.m */,
				0238D0B777AC4BA29BDCE849 /* GCDWebServerErrorResponse.m */,
				85E0CB4872354C108633614A /* GCDWebServerFileResponse.m */,
				DD84E10179684D9788DE5C3F /* GCDWebServerStreamedResponse.m */,
				BA02DC169362472597EE87D2 /* CDVWKWebViewEngine.h */,
				9A666958E4F04EA48E7A56EC /* CDVWKWebViewUIDelegate.h */,
				1B54DE41F360402096E23645 /* CDVWKProcessPoolFactory.h */,
				5B30F9C827DF4947976B3FE2 /* GCDWebServer.h */,
				81CF7ED286214A2EB89DC9DA /* GCDWebServerConnection.h */,
				9E5EE9CC2A8B407693BAA7A5 /* GCDWebServerFunctions.h */,
				89991071B076493EBB23E70A /* GCDWebServerHTTPStatusCodes.h */,
				0767BCF63C314433B8B091A0 /* GCDWebServerPrivate.h */,
				B428AB5E77CF4E30890FE675 /* GCDWebServerRequest.h */,
				BB0DB151BB8642DFA1AEF9B2 /* GCDWebServerResponse.h */,
				E2E5842C24684E0D82396DDB /* GCDWebServerDataRequest.h */,
				6991EB0A8A054204AA84B5E9 /* GCDWebServerFileRequest.h */,
				26C0EA7D2B25448C9B4E03A0 /* GCDWebServerMultiPartFormRequest.h */,
				40040195084F4684AAA8BE22 /* GCDWebServerURLEncodedFormRequest.h */,
				7528163C90BB49A1806A67CA /* GCDWebServerDataResponse.h */,
				56B02D45B0EC4ABEA77E9F3E /* GCDWebServerErrorResponse.h */,
				FD94330BD66A4527A68F4635 /* GCDWebServerFileResponse.h */,
				CBAD7DAD413D4360BB555A83 /* GCDWebServerStreamedResponse.h */,
				124BA1ADE12B4CC79F92A830 /* FCMPlugin.m */,
				ECE15C81D2A048E39D6D601E /* AppDelegate+FCMPlugin.m */,
				1FC9F13B528F4847AEDBF79D /* FCMPlugin.h */,
				D9D11BBBDC2C4A84B58C3814 /* AppDelegate+FCMPlugin.h */,
				37B477ACE88F42158D128AB8 /* Firebase.h */,
			);
			name = Plugins;
			path = QYB/Plugins;
			sourceTree = SOURCE_ROOT;
		};
		E197039120187DD900BE5827 /* JSPatch */ = {
			isa = PBXGroup;
			children = (
				E19703972018804100BE5827 /* BuglyHotfixConfuse_pch.h */,
				E197039220187DD900BE5827 /* JPEngine.h */,
				E197039320187DD900BE5827 /* JPEngine.m */,
				E197039420187DD900BE5827 /* JSPatch.js */,
			);
			path = JSPatch;
			sourceTree = "<group>";
		};
		EB87FDF11871DA420020F90C /* Staging */ = {
			isa = PBXGroup;
			children = (
				F840E1F0165FE0F500CFE078 /* config.xml */,
				301BF56E109A69640062928A /* www */,
			);
			name = Staging;
			sourceTree = "<group>";
		};
/* End PBXGroup section */

/* Begin PBXNativeTarget section */
		1D6058900D05DD3D006BFB54 /* QYB */ = {
			isa = PBXNativeTarget;
			buildConfigurationList = 1D6058960D05DD3E006BFB54 /* Build configuration list for PBXNativeTarget "QYB" */;
			buildPhases = (
				304B58A110DAC018002A0835 /* Copy www directory */,
				1D60588D0D05DD3D006BFB54 /* Resources */,
				1D60588E0D05DD3D006BFB54 /* Sources */,
				1D60588F0D05DD3D006BFB54 /* Frameworks */,
			);
			buildRules = (
			);
			dependencies = (
				301BF551109A68C00062928A /* PBXTargetDependency */,
			);
			name = QYB;
			productName = QYB;
			productReference = 1D6058910D05DD3D006BFB54 /* QYB.app */;
			productType = "com.apple.product-type.application";
		};
/* End PBXNativeTarget section */

/* Begin PBXProject section */
		29B97313FDCFA39411CA2CEA /* Project object */ = {
			isa = PBXProject;
			attributes = {
				LastUpgradeCheck = 510;
				TargetAttributes = {
					1D6058900D05DD3D006BFB54 = {
						DevelopmentTeam = S85C3R4P94;
						SystemCapabilities = {
							com.apple.Push = {
								enabled = 1;
							};
						};
					};
				};
			};
			buildConfigurationList = C01FCF4E08A954540054247B /* Build configuration list for PBXProject "QYB" */;
			compatibilityVersion = "Xcode 3.2";
			developmentRegion = English;
			hasScannedForEncodings = 1;
			knownRegions = (
				en,
			);
			mainGroup = 29B97314FDCFA39411CA2CEA /* CustomTemplate */;
			projectDirPath = "";
			projectReferences = (
				{
					ProductGroup = 301BF52E109A57CC0062928A /* Products */;
					ProjectRef = 301BF52D109A57CC0062928A /* CordovaLib.xcodeproj */;
				},
			);
			projectRoot = "";
			targets = (
				1D6058900D05DD3D006BFB54 /* QYB */,
			);
		};
/* End PBXProject section */

/* Begin PBXReferenceProxy section */
		301BF535109A57CC0062928A /* libCordova.a */ = {
			isa = PBXReferenceProxy;
			fileType = archive.ar;
			path = libCordova.a;
			remoteRef = 301BF534109A57CC0062928A /* PBXContainerItemProxy */;
			sourceTree = BUILT_PRODUCTS_DIR;
		};
		E197038A2018733E00BE5827 /* Cordova.framework */ = {
			isa = PBXReferenceProxy;
			fileType = wrapper.framework;
			path = Cordova.framework;
			remoteRef = E19703892018733E00BE5827 /* PBXContainerItemProxy */;
			sourceTree = BUILT_PRODUCTS_DIR;
		};
/* End PBXReferenceProxy section */

/* Begin PBXResourcesBuildPhase section */
		1D60588D0D05DD3D006BFB54 /* Resources */ = {
			isa = PBXResourcesBuildPhase;
			buildActionMask = 2147483647;
			files = (
				E197039620187DD900BE5827 /* JSPatch.js in Resources */,
				302D95F214D2391D003F00A1 /* MainViewController.xib in Resources */,
				0207DA581B56EA530066E2B4 /* Images.xcassets in Resources */,
				6AFF5BF91D6E424B00AB3073 /* CDVLaunchScreen.storyboard in Resources */,
				26D04B6AF2684AA2AD28091F /* CDVNotification.bundle in Resources */,
				57E65A4BF00545B3B27BBB59 /* GoogleService-Info.plist in Resources */,
			);
			runOnlyForDeploymentPostprocessing = 0;
		};
/* End PBXResourcesBuildPhase section */

/* Begin PBXShellScriptBuildPhase section */
		304B58A110DAC018002A0835 /* Copy www directory */ = {
			isa = PBXShellScriptBuildPhase;
			buildActionMask = 2147483647;
			files = (
			);
			inputPaths = (
			);
			name = "Copy www directory";
			outputPaths = (
			);
			runOnlyForDeploymentPostprocessing = 0;
			shellPath = /bin/sh;
			shellScript = "NODEJS_PATH=/usr/local/bin; NVM_NODE_PATH=~/.nvm/versions/node/`nvm version 2>/dev/null`/bin; N_NODE_PATH=`find /usr/local/n/versions/node/* -maxdepth 0 -type d 2>/dev/null | tail -1`/bin; XCODE_NODE_PATH=`xcode-select --print-path`/usr/share/xcs/Node/bin; PATH=$NODEJS_PATH:$NVM_NODE_PATH:$N_NODE_PATH:$XCODE_NODE_PATH:$PATH && node cordova/lib/copy-www-build-step.js";
			showEnvVarsInLog = 0;
		};
/* End PBXShellScriptBuildPhase section */

/* Begin PBXSourcesBuildPhase section */
		1D60588E0D05DD3D006BFB54 /* Sources */ = {
			isa = PBXSourcesBuildPhase;
			buildActionMask = 2147483647;
			files = (
				1D60589B0D05DD56006BFB54 /* main.m in Sources */,
				1D3623260D0F684500981E51 /* AppDelegate.m in Sources */,
				302D95F114D2391D003F00A1 /* MainViewController.m in Sources */,
				498503F4F8E7459B8F21EAEC /* CDVDevice.m in Sources */,
				616F4FE8010D4A109B7C4802 /* CDVGlobalization.m in Sources */,
				64322BB5902C44878689CFBD /* CDVSplashScreen.m in Sources */,
				A3B7B7234CEC48ACB0E4349E /* CDVViewController+SplashScreen.m in Sources */,
				C714077543FA44D4BB310676 /* CDVStatusBar.m in Sources */,
				61D8E65FA0D84E929AF3604F /* CDVInAppBrowser.m in Sources */,
				9F1ACD93C4234AE6BC93533E /* Toast+UIView.m in Sources */,
				736AB0FF8B75411FBB772B54 /* Toast.m in Sources */,
				1098388F87BB4F7F820B2754 /* CDVClipboard.m in Sources */,
				8006CE26268B42DB93D6257D /* NSString+SSURLEncoding.m in Sources */,
				E197039520187DD900BE5827 /* JPEngine.m in Sources */,
				729F9312CF274472BCF9E8DD /* SocialSharing.m in Sources */,
				3CBCB7AA05754C7195E98E4A /* CDVSpinnerDialog.m in Sources */,
				4DEAA91982E343B0BF514CBB /* CDVNotification.m in Sources */,
				3E20531A94C54206BC04826A /* CDVConnection.m in Sources */,
				EEF970D816E445D5A1772FF5 /* CDVReachability.m in Sources */,
				DECC2D05A1AD4916BAE6A0A8 /* UICKeyChainStore.m in Sources */,
				D9741D15EB294140B39C96C8 /* CDVUniqueDeviceID.m in Sources */,
				FABADB14386C4E868D88984D /* CDVFile.m in Sources */,
				4CEA1ED667BB4DA6BD6E0B17 /* CDVLocalFilesystem.m in Sources */,
				D12C12B1F57F465F9BF79796 /* CDVAssetLibraryFilesystem.m in Sources */,
				1E5E2A75F33E4C2F95B8AE75 /* TouchID.m in Sources */,
				EB81D53F5DD349A0B0B9ED90 /* YoikScreenOrientation.m in Sources */,
				BBEF6DB88A854A6CAEBCD2AA /* CDVViewController+UpdateSupportedOrientations.m in Sources */,
				EC49C1A360214456AF1F8C0F /* IonicKeyboard.m in Sources */,
				4261ABE6CF584828841640CA /* QRScanner.swift in Sources */,
				457EFFC4D598439BB5D590A9 /* CDVWKWebViewEngine.m in Sources */,
				A521E4E06ABE4C18ADA30293 /* CDVWKWebViewUIDelegate.m in Sources */,
				E9B1AB4F99614D2DAB9F2CC5 /* CDVWKProcessPoolFactory.m in Sources */,
				75A672CCB89141ADA1790FF0 /* GCDWebServer.m in Sources */,
				0E3004A613974E978628F3A0 /* GCDWebServerConnection.m in Sources */,
				6F7886F855F64818BEF08960 /* GCDWebServerFunctions.m in Sources */,
				E6EDB3B00BE94F328C978873 /* GCDWebServerRequest.m in Sources */,
				EE9C3B5EAE874713B8C51000 /* GCDWebServerResponse.m in Sources */,
				91E8C2196AB14417995479C1 /* GCDWebServerDataRequest.m in Sources */,
				863011D88BD34C3DB89912EB /* GCDWebServerFileRequest.m in Sources */,
				61B5E3ADF4E943B199CBFD0C /* GCDWebServerMultiPartFormRequest.m in Sources */,
				1F2A64748D2540DEAE7C1A23 /* GCDWebServerURLEncodedFormRequest.m in Sources */,
				481EFB66E39D4B89B656B78D /* GCDWebServerDataResponse.m in Sources */,
				60D8057D35104645ACC17881 /* GCDWebServerErrorResponse.m in Sources */,
				B4AF7C964928440AAAEE717B /* GCDWebServerFileResponse.m in Sources */,
				EA770C267CDB43DFA3811E3D /* GCDWebServerStreamedResponse.m in Sources */,
				9D6A6FC9A39248DDB85AFBC5 /* FCMPlugin.m in Sources */,
				DAC20675744F4C59B0EFA841 /* AppDelegate+FCMPlugin.m in Sources */,
			);
			runOnlyForDeploymentPostprocessing = 0;
		};
/* End PBXSourcesBuildPhase section */

/* Begin PBXTargetDependency section */
		301BF551109A68C00062928A /* PBXTargetDependency */ = {
			isa = PBXTargetDependency;
			name = CordovaLib;
			targetProxy = 301BF550109A68C00062928A /* PBXContainerItemProxy */;
		};
/* End PBXTargetDependency section */

/* Begin XCBuildConfiguration section */
		1D6058940D05DD3E006BFB54 /* Debug */ = {
			isa = XCBuildConfiguration;
			baseConfigurationReference = 3047A50F1AB8059700498E2A /* build-debug.xcconfig */;
			buildSettings = {
				ALWAYS_SEARCH_USER_PATHS = NO;
				ASSETCATALOG_COMPILER_APPICON_NAME = AppIcon;
				ASSETCATALOG_COMPILER_LAUNCHIMAGE_NAME = "LaunchImage-2";
				CLANG_ENABLE_MODULES = YES;
				CLANG_ENABLE_OBJC_ARC = YES;
				CODE_SIGN_ENTITLEMENTS = QYB/QYB.entitlements;
				COPY_PHASE_STRIP = NO;
				DEVELOPMENT_TEAM = S85C3R4P94;
				FRAMEWORK_SEARCH_PATHS = (
					"$(inherited)",
					"QYB/Plugins/cordova-plugin-fcm",
					"QYB/Plugins/cordova-plugin-fcm",
					"QYB/Plugins/cordova-plugin-fcm",
					"QYB/Plugins/cordova-plugin-fcm",
					"QYB/Plugins/cordova-plugin-fcm",
					"QYB/Plugins/cordova-plugin-fcm",
					"QYB/Plugins/cordova-plugin-fcm",
					"QYB/Plugins/cordova-plugin-fcm",
					"$(PROJECT_DIR)",
				);
				GCC_DYNAMIC_NO_PIC = NO;
				GCC_OPTIMIZATION_LEVEL = 0;
				GCC_PRECOMPILE_PREFIX_HEADER = YES;
				GCC_PREFIX_HEADER = "QYB/QYB-Prefix.pch";
				GCC_THUMB_SUPPORT = NO;
				GCC_VERSION = "";
				INFOPLIST_FILE = "QYB/QYB-Info.plist";
				IPHONEOS_DEPLOYMENT_TARGET = 9.0;
				LD_RUNPATH_SEARCH_PATHS = "@executable_path/Frameworks";
				PRODUCT_BUNDLE_IDENTIFIER = one.chainclub.com;
				PRODUCT_NAME = QYB;
				SWIFT_VERSION = 3.0;
				TARGETED_DEVICE_FAMILY = "1,2";
			};
			name = Debug;
		};
		1D6058950D05DD3E006BFB54 /* Release */ = {
			isa = XCBuildConfiguration;
			baseConfigurationReference = 3047A5101AB8059700498E2A /* build-release.xcconfig */;
			buildSettings = {
				ALWAYS_SEARCH_USER_PATHS = NO;
				ASSETCATALOG_COMPILER_APPICON_NAME = AppIcon;
				ASSETCATALOG_COMPILER_LAUNCHIMAGE_NAME = "LaunchImage-2";
				CLANG_ENABLE_MODULES = YES;
				CLANG_ENABLE_OBJC_ARC = YES;
				CODE_SIGN_ENTITLEMENTS = QYB/QYB.entitlements;
				COPY_PHASE_STRIP = YES;
				DEVELOPMENT_TEAM = S85C3R4P94;
				FRAMEWORK_SEARCH_PATHS = (
					"$(inherited)",
					"QYB/Plugins/cordova-plugin-fcm",
					"QYB/Plugins/cordova-plugin-fcm",
					"QYB/Plugins/cordova-plugin-fcm",
					"QYB/Plugins/cordova-plugin-fcm",
					"QYB/Plugins/cordova-plugin-fcm",
					"QYB/Plugins/cordova-plugin-fcm",
					"QYB/Plugins/cordova-plugin-fcm",
					"QYB/Plugins/cordova-plugin-fcm",
					"$(PROJECT_DIR)",
				);
				GCC_PRECOMPILE_PREFIX_HEADER = YES;
				GCC_PREFIX_HEADER = "QYB/QYB-Prefix.pch";
				GCC_THUMB_SUPPORT = NO;
				GCC_VERSION = "";
				INFOPLIST_FILE = "QYB/QYB-Info.plist";
				IPHONEOS_DEPLOYMENT_TARGET = 9.0;
				LD_RUNPATH_SEARCH_PATHS = "@executable_path/Frameworks";
				PRODUCT_BUNDLE_IDENTIFIER = one.chainclub.com;
				PRODUCT_NAME = QYB;
				SWIFT_VERSION = 3.0;
				TARGETED_DEVICE_FAMILY = "1,2";
			};
			name = Release;
		};
		C01FCF4F08A954540054247B /* Debug */ = {
			isa = XCBuildConfiguration;
			baseConfigurationReference = 3047A5111AB8059700498E2A /* build.xcconfig */;
			buildSettings = {
				CLANG_ENABLE_MODULES = YES;
				CLANG_ENABLE_OBJC_ARC = YES;
				CLANG_WARN_BOOL_CONVERSION = YES;
				CLANG_WARN_CONSTANT_CONVERSION = YES;
				CLANG_WARN_EMPTY_BODY = YES;
				CLANG_WARN_ENUM_CONVERSION = YES;
				CLANG_WARN_INT_CONVERSION = YES;
				CLANG_WARN__DUPLICATE_METHOD_MATCH = YES;
				GCC_C_LANGUAGE_STANDARD = c99;
				GCC_THUMB_SUPPORT = NO;
				GCC_VERSION = "";
				GCC_WARN_ABOUT_RETURN_TYPE = YES;
				GCC_WARN_UNDECLARED_SELECTOR = YES;
				GCC_WARN_UNINITIALIZED_AUTOS = YES;
				GCC_WARN_UNUSED_FUNCTION = YES;
				GCC_WARN_UNUSED_VARIABLE = YES;
				ONLY_ACTIVE_ARCH = YES;
				SDKROOT = iphoneos;
				SKIP_INSTALL = NO;
			};
			name = Debug;
		};
		C01FCF5008A954540054247B /* Release */ = {
			isa = XCBuildConfiguration;
			baseConfigurationReference = 3047A5111AB8059700498E2A /* build.xcconfig */;
			buildSettings = {
				CLANG_ENABLE_MODULES = YES;
				CLANG_ENABLE_OBJC_ARC = YES;
				CLANG_WARN_BOOL_CONVERSION = YES;
				CLANG_WARN_CONSTANT_CONVERSION = YES;
				CLANG_WARN_EMPTY_BODY = YES;
				CLANG_WARN_ENUM_CONVERSION = YES;
				CLANG_WARN_INT_CONVERSION = YES;
				CLANG_WARN__DUPLICATE_METHOD_MATCH = YES;
				GCC_C_LANGUAGE_STANDARD = c99;
				GCC_THUMB_SUPPORT = NO;
				GCC_VERSION = "";
				GCC_WARN_ABOUT_RETURN_TYPE = YES;
				GCC_WARN_UNDECLARED_SELECTOR = YES;
				GCC_WARN_UNINITIALIZED_AUTOS = YES;
				GCC_WARN_UNUSED_FUNCTION = YES;
				GCC_WARN_UNUSED_VARIABLE = YES;
				SDKROOT = iphoneos;
				SKIP_INSTALL = NO;
			};
			name = Release;
		};
/* End XCBuildConfiguration section */

/* Begin XCConfigurationList section */
		1D6058960D05DD3E006BFB54 /* Build configuration list for PBXNativeTarget "QYB" */ = {
			isa = XCConfigurationList;
			buildConfigurations = (
				1D6058940D05DD3E006BFB54 /* Debug */,
				1D6058950D05DD3E006BFB54 /* Release */,
			);
			defaultConfigurationIsVisible = 0;
			defaultConfigurationName = Release;
		};
		C01FCF4E08A954540054247B /* Build configuration list for PBXProject "QYB" */ = {
			isa = XCConfigurationList;
			buildConfigurations = (
				C01FCF4F08A954540054247B /* Debug */,
				C01FCF5008A954540054247B /* Release */,
			);
			defaultConfigurationIsVisible = 0;
			defaultConfigurationName = Release;
		};
/* End XCConfigurationList section */
	};
	rootObject = 29B97313FDCFA39411CA2CEA /* Project object */;
}
